// !$*UTF8*$!
{
	archiveVersion = 1;
	classes = {
	};
	objectVersion = 46;
	objects = {

/* Begin PBXBuildFile section */
		2A0D498B1D05AE3500CD5850 /* AppDelegate.swift in Sources */ = {isa = PBXBuildFile; fileRef = 2A0D498A1D05AE3500CD5850 /* AppDelegate.swift */; };
		2A0D498D1D05AE3500CD5850 /* ViewController.swift in Sources */ = {isa = PBXBuildFile; fileRef = 2A0D498C1D05AE3500CD5850 /* ViewController.swift */; };
		2A0D49901D05AE3600CD5850 /* Main.storyboard in Resources */ = {isa = PBXBuildFile; fileRef = 2A0D498E1D05AE3600CD5850 /* Main.storyboard */; };
		2A0D49931D05AE3600CD5850 /* obminka.xcdatamodeld in Sources */ = {isa = PBXBuildFile; fileRef = 2A0D49911D05AE3600CD5850 /* obminka.xcdatamodeld */; };
		2A0D49951D05AE3600CD5850 /* Assets.xcassets in Resources */ = {isa = PBXBuildFile; fileRef = 2A0D49941D05AE3600CD5850 /* Assets.xcassets */; };
		2A0D49981D05AE3600CD5850 /* LaunchScreen.storyboard in Resources */ = {isa = PBXBuildFile; fileRef = 2A0D49961D05AE3600CD5850 /* LaunchScreen.storyboard */; };
		2A0D49A31D05AE3600CD5850 /* obminkaTests.swift in Sources */ = {isa = PBXBuildFile; fileRef = 2A0D49A21D05AE3600CD5850 /* obminkaTests.swift */; };
		2A0D49AE1D05AE3600CD5850 /* obminkaUITests.swift in Sources */ = {isa = PBXBuildFile; fileRef = 2A0D49AD1D05AE3600CD5850 /* obminkaUITests.swift */; };
		2A917C0B1D4F41EB008F0DB7 /* CloudKit.framework in Frameworks */ = {isa = PBXBuildFile; fileRef = 2A917C0A1D4F41EB008F0DB7 /* CloudKit.framework */; };
/* End PBXBuildFile section */

/* Begin PBXContainerItemProxy section */
		2A0D499F1D05AE3600CD5850 /* PBXContainerItemProxy */ = {
			isa = PBXContainerItemProxy;
			containerPortal = 2A0D497F1D05AE3500CD5850 /* Project object */;
			proxyType = 1;
			remoteGlobalIDString = 2A0D49861D05AE3500CD5850;
			remoteInfo = obminka;
		};
		2A0D49AA1D05AE3600CD5850 /* PBXContainerItemProxy */ = {
			isa = PBXContainerItemProxy;
			containerPortal = 2A0D497F1D05AE3500CD5850 /* Project object */;
			proxyType = 1;
			remoteGlobalIDString = 2A0D49861D05AE3500CD5850;
			remoteInfo = obminka;
		};
/* End PBXContainerItemProxy section */

/* Begin PBXFileReference section */
		2A0D49871D05AE3500CD5850 /* Обмінка.app */ = {isa = PBXFileReference; explicitFileType = wrapper.application; includeInIndex = 0; path = "Обмінка.app"; sourceTree = BUILT_PRODUCTS_DIR; };
		2A0D498A1D05AE3500CD5850 /* AppDelegate.swift */ = {isa = PBXFileReference; lastKnownFileType = sourcecode.swift; path = AppDelegate.swift; sourceTree = "<group>"; };
		2A0D498C1D05AE3500CD5850 /* ViewController.swift */ = {isa = PBXFileReference; lastKnownFileType = sourcecode.swift; path = ViewController.swift; sourceTree = "<group>"; };
		2A0D498F1D05AE3600CD5850 /* Base */ = {isa = PBXFileReference; lastKnownFileType = file.storyboard; name = Base; path = Base.lproj/Main.storyboard; sourceTree = "<group>"; };
		2A0D49921D05AE3600CD5850 /* obminka.xcdatamodel */ = {isa = PBXFileReference; lastKnownFileType = wrapper.xcdatamodel; path = obminka.xcdatamodel; sourceTree = "<group>"; };
		2A0D49941D05AE3600CD5850 /* Assets.xcassets */ = {isa = PBXFileReference; lastKnownFileType = folder.assetcatalog; path = Assets.xcassets; sourceTree = "<group>"; };
		2A0D49971D05AE3600CD5850 /* Base */ = {isa = PBXFileReference; lastKnownFileType = file.storyboard; name = Base; path = Base.lproj/LaunchScreen.storyboard; sourceTree = "<group>"; };
		2A0D49991D05AE3600CD5850 /* Info.plist */ = {isa = PBXFileReference; lastKnownFileType = text.plist.xml; path = Info.plist; sourceTree = "<group>"; };
		2A0D499E1D05AE3600CD5850 /* Обмінка.xctest */ = {isa = PBXFileReference; explicitFileType = wrapper.cfbundle; includeInIndex = 0; path = "Обмінка.xctest"; sourceTree = BUILT_PRODUCTS_DIR; };
		2A0D49A21D05AE3600CD5850 /* obminkaTests.swift */ = {isa = PBXFileReference; lastKnownFileType = sourcecode.swift; path = obminkaTests.swift; sourceTree = "<group>"; };
		2A0D49A41D05AE3600CD5850 /* Info.plist */ = {isa = PBXFileReference; lastKnownFileType = text.plist.xml; path = Info.plist; sourceTree = "<group>"; };
		2A0D49A91D05AE3600CD5850 /* Обмінка.xctest */ = {isa = PBXFileReference; explicitFileType = wrapper.cfbundle; includeInIndex = 0; path = "Обмінка.xctest"; sourceTree = BUILT_PRODUCTS_DIR; };
		2A0D49AD1D05AE3600CD5850 /* obminkaUITests.swift */ = {isa = PBXFileReference; lastKnownFileType = sourcecode.swift; path = obminkaUITests.swift; sourceTree = "<group>"; };
		2A0D49AF1D05AE3600CD5850 /* Info.plist */ = {isa = PBXFileReference; lastKnownFileType = text.plist.xml; path = Info.plist; sourceTree = "<group>"; };
		2A917C091D4F41E9008F0DB7 /* Обмінка.entitlements */ = {isa = PBXFileReference; lastKnownFileType = text.xml; path = "Обмінка.entitlements"; sourceTree = "<group>"; };
		2A917C0A1D4F41EB008F0DB7 /* CloudKit.framework */ = {isa = PBXFileReference; lastKnownFileType = wrapper.framework; name = CloudKit.framework; path = System/Library/Frameworks/CloudKit.framework; sourceTree = SDKROOT; };
/* End PBXFileReference section */

/* Begin PBXFrameworksBuildPhase section */
		2A0D49841D05AE3500CD5850 /* Frameworks */ = {
			isa = PBXFrameworksBuildPhase;
			buildActionMask = 2147483647;
			files = (
				2A917C0B1D4F41EB008F0DB7 /* CloudKit.framework in Frameworks */,
			);
			runOnlyForDeploymentPostprocessing = 0;
		};
		2A0D499B1D05AE3600CD5850 /* Frameworks */ = {
			isa = PBXFrameworksBuildPhase;
			buildActionMask = 2147483647;
			files = (
			);
			runOnlyForDeploymentPostprocessing = 0;
		};
		2A0D49A61D05AE3600CD5850 /* Frameworks */ = {
			isa = PBXFrameworksBuildPhase;
			buildActionMask = 2147483647;
			files = (
			);
			runOnlyForDeploymentPostprocessing = 0;
		};
/* End PBXFrameworksBuildPhase section */

/* Begin PBXGroup section */
		2A0D497E1D05AE3500CD5850 = {
			isa = PBXGroup;
			children = (
				2A0D49891D05AE3500CD5850 /* obminka */,
				2A0D49A11D05AE3600CD5850 /* obminkaTests */,
				2A0D49AC1D05AE3600CD5850 /* obminkaUITests */,
				2A0D49881D05AE3500CD5850 /* Products */,
				2A917C0A1D4F41EB008F0DB7 /* CloudKit.framework */,
			);
			sourceTree = "<group>";
		};
		2A0D49881D05AE3500CD5850 /* Products */ = {
			isa = PBXGroup;
			children = (
				2A0D49871D05AE3500CD5850 /* Обмінка.app */,
				2A0D499E1D05AE3600CD5850 /* Обмінка.xctest */,
				2A0D49A91D05AE3600CD5850 /* Обмінка.xctest */,
			);
			name = Products;
			sourceTree = "<group>";
		};
		2A0D49891D05AE3500CD5850 /* obminka */ = {
			isa = PBXGroup;
			children = (
				2A917C091D4F41E9008F0DB7 /* Обмінка.entitlements */,
				2A0D498A1D05AE3500CD5850 /* AppDelegate.swift */,
				2A0D498C1D05AE3500CD5850 /* ViewController.swift */,
				2A0D498E1D05AE3600CD5850 /* Main.storyboard */,
				2A0D49941D05AE3600CD5850 /* Assets.xcassets */,
				2A0D49961D05AE3600CD5850 /* LaunchScreen.storyboard */,
				2A0D49991D05AE3600CD5850 /* Info.plist */,
				2A0D49911D05AE3600CD5850 /* obminka.xcdatamodeld */,
			);
			path = obminka;
			sourceTree = "<group>";
		};
		2A0D49A11D05AE3600CD5850 /* obminkaTests */ = {
			isa = PBXGroup;
			children = (
				2A0D49A21D05AE3600CD5850 /* obminkaTests.swift */,
				2A0D49A41D05AE3600CD5850 /* Info.plist */,
			);
			path = obminkaTests;
			sourceTree = "<group>";
		};
		2A0D49AC1D05AE3600CD5850 /* obminkaUITests */ = {
			isa = PBXGroup;
			children = (
				2A0D49AD1D05AE3600CD5850 /* obminkaUITests.swift */,
				2A0D49AF1D05AE3600CD5850 /* Info.plist */,
			);
			path = obminkaUITests;
			sourceTree = "<group>";
		};
/* End PBXGroup section */

/* Begin PBXNativeTarget section */
		2A0D49861D05AE3500CD5850 /* obminka */ = {
			isa = PBXNativeTarget;
			buildConfigurationList = 2A0D49B21D05AE3600CD5850 /* Build configuration list for PBXNativeTarget "obminka" */;
			buildPhases = (
				2A0D49831D05AE3500CD5850 /* Sources */,
				2A0D49841D05AE3500CD5850 /* Frameworks */,
				2A0D49851D05AE3500CD5850 /* Resources */,
			);
			buildRules = (
			);
			dependencies = (
			);
			name = obminka;
			productName = obminka;
			productReference = 2A0D49871D05AE3500CD5850 /* Обмінка.app */;
			productType = "com.apple.product-type.application";
		};
		2A0D499D1D05AE3600CD5850 /* obminkaTests */ = {
			isa = PBXNativeTarget;
			buildConfigurationList = 2A0D49B51D05AE3600CD5850 /* Build configuration list for PBXNativeTarget "obminkaTests" */;
			buildPhases = (
				55497F9188E230BF2EE0BDE7 /* 📦 Check Pods Manifest.lock */,
				2A0D499A1D05AE3600CD5850 /* Sources */,
				2A0D499B1D05AE3600CD5850 /* Frameworks */,
				2A0D499C1D05AE3600CD5850 /* Resources */,
				E87C5AFD5A7D55BE27A60282 /* 📦 Embed Pods Frameworks */,
				A3EE0246664E51D54CAC8818 /* 📦 Copy Pods Resources */,
			);
			buildRules = (
			);
			dependencies = (
				2A0D49A01D05AE3600CD5850 /* PBXTargetDependency */,
			);
			name = obminkaTests;
			productName = obminkaTests;
			productReference = 2A0D499E1D05AE3600CD5850 /* Обмінка.xctest */;
			productType = "com.apple.product-type.bundle.unit-test";
		};
		2A0D49A81D05AE3600CD5850 /* obminkaUITests */ = {
			isa = PBXNativeTarget;
			buildConfigurationList = 2A0D49B81D05AE3600CD5850 /* Build configuration list for PBXNativeTarget "obminkaUITests" */;
			buildPhases = (
				C74186ECB3727AA98771CB87 /* 📦 Check Pods Manifest.lock */,
				2A0D49A51D05AE3600CD5850 /* Sources */,
				2A0D49A61D05AE3600CD5850 /* Frameworks */,
				2A0D49A71D05AE3600CD5850 /* Resources */,
				081302AE3B207878D0AB8C81 /* 📦 Copy Pods Resources */,
			);
			buildRules = (
			);
			dependencies = (
				2A0D49AB1D05AE3600CD5850 /* PBXTargetDependency */,
			);
			name = obminkaUITests;
			productName = obminkaUITests;
			productReference = 2A0D49A91D05AE3600CD5850 /* Обмінка.xctest */;
			productType = "com.apple.product-type.bundle.ui-testing";
		};
/* End PBXNativeTarget section */

/* Begin PBXProject section */
		2A0D497F1D05AE3500CD5850 /* Project object */ = {
			isa = PBXProject;
			attributes = {
				LastSwiftUpdateCheck = 0730;
				LastUpgradeCheck = 0730;
				ORGANIZATIONNAME = "Alexander Iashchuk";
				TargetAttributes = {
					2A0D49861D05AE3500CD5850 = {
						CreatedOnToolsVersion = 7.3.1;
						DevelopmentTeam = 3NL9BUS2QV;
						SystemCapabilities = {
							com.apple.BackgroundModes = {
								enabled = 0;
							};
							com.apple.DataProtection = {
								enabled = 0;
							};
							com.apple.InAppPurchase = {
								enabled = 0;
							};
							com.apple.Push = {
								enabled = 0;
							};
							com.apple.SafariKeychain = {
								enabled = 0;
							};
							com.apple.iCloud = {
								enabled = 1;
							};
						};
					};
					2A0D499D1D05AE3600CD5850 = {
						CreatedOnToolsVersion = 7.3.1;
						TestTargetID = 2A0D49861D05AE3500CD5850;
					};
					2A0D49A81D05AE3600CD5850 = {
						CreatedOnToolsVersion = 7.3.1;
						TestTargetID = 2A0D49861D05AE3500CD5850;
					};
				};
			};
			buildConfigurationList = 2A0D49821D05AE3500CD5850 /* Build configuration list for PBXProject "Обмінка" */;
			compatibilityVersion = "Xcode 3.2";
			developmentRegion = English;
			hasScannedForEncodings = 0;
			knownRegions = (
				en,
				Base,
			);
			mainGroup = 2A0D497E1D05AE3500CD5850;
			productRefGroup = 2A0D49881D05AE3500CD5850 /* Products */;
			projectDirPath = "";
			projectRoot = "";
			targets = (
				2A0D49861D05AE3500CD5850 /* obminka */,
				2A0D499D1D05AE3600CD5850 /* obminkaTests */,
				2A0D49A81D05AE3600CD5850 /* obminkaUITests */,
			);
		};
/* End PBXProject section */

/* Begin PBXResourcesBuildPhase section */
		2A0D49851D05AE3500CD5850 /* Resources */ = {
			isa = PBXResourcesBuildPhase;
			buildActionMask = 2147483647;
			files = (
				2A0D49981D05AE3600CD5850 /* LaunchScreen.storyboard in Resources */,
				2A0D49951D05AE3600CD5850 /* Assets.xcassets in Resources */,
				2A0D49901D05AE3600CD5850 /* Main.storyboard in Resources */,
			);
			runOnlyForDeploymentPostprocessing = 0;
		};
		2A0D499C1D05AE3600CD5850 /* Resources */ = {
			isa = PBXResourcesBuildPhase;
			buildActionMask = 2147483647;
			files = (
			);
			runOnlyForDeploymentPostprocessing = 0;
		};
		2A0D49A71D05AE3600CD5850 /* Resources */ = {
			isa = PBXResourcesBuildPhase;
			buildActionMask = 2147483647;
			files = (
			);
			runOnlyForDeploymentPostprocessing = 0;
		};
/* End PBXResourcesBuildPhase section */

/* Begin PBXShellScriptBuildPhase section */
		081302AE3B207878D0AB8C81 /* 📦 Copy Pods Resources */ = {
			isa = PBXShellScriptBuildPhase;
			buildActionMask = 2147483647;
			files = (
			);
			inputPaths = (
			);
			name = "📦 Copy Pods Resources";
			outputPaths = (
			);
			runOnlyForDeploymentPostprocessing = 0;
			shellPath = /bin/sh;
			shellScript = "\"${SRCROOT}/Pods/Target Support Files/Pods-obminkaUITests/Pods-obminkaUITests-resources.sh\"\n";
			showEnvVarsInLog = 0;
		};
		55497F9188E230BF2EE0BDE7 /* 📦 Check Pods Manifest.lock */ = {
			isa = PBXShellScriptBuildPhase;
			buildActionMask = 2147483647;
			files = (
			);
			inputPaths = (
			);
			name = "📦 Check Pods Manifest.lock";
			outputPaths = (
			);
			runOnlyForDeploymentPostprocessing = 0;
			shellPath = /bin/sh;
			shellScript = "diff \"${PODS_ROOT}/../Podfile.lock\" \"${PODS_ROOT}/Manifest.lock\" > /dev/null\nif [[ $? != 0 ]] ; then\n    cat << EOM\nerror: The sandbox is not in sync with the Podfile.lock. Run 'pod install' or update your CocoaPods installation.\nEOM\n    exit 1\nfi\n";
			showEnvVarsInLog = 0;
		};
		A3EE0246664E51D54CAC8818 /* 📦 Copy Pods Resources */ = {
			isa = PBXShellScriptBuildPhase;
			buildActionMask = 2147483647;
			files = (
			);
			inputPaths = (
			);
			name = "📦 Copy Pods Resources";
			outputPaths = (
			);
			runOnlyForDeploymentPostprocessing = 0;
			shellPath = /bin/sh;
			shellScript = "\"${SRCROOT}/Pods/Target Support Files/Pods-obminkaTests/Pods-obminkaTests-resources.sh\"\n";
			showEnvVarsInLog = 0;
		};
		C74186ECB3727AA98771CB87 /* 📦 Check Pods Manifest.lock */ = {
			isa = PBXShellScriptBuildPhase;
			buildActionMask = 2147483647;
			files = (
			);
			inputPaths = (
			);
			name = "📦 Check Pods Manifest.lock";
			outputPaths = (
			);
			runOnlyForDeploymentPostprocessing = 0;
			shellPath = /bin/sh;
			shellScript = "diff \"${PODS_ROOT}/../Podfile.lock\" \"${PODS_ROOT}/Manifest.lock\" > /dev/null\nif [[ $? != 0 ]] ; then\n    cat << EOM\nerror: The sandbox is not in sync with the Podfile.lock. Run 'pod install' or update your CocoaPods installation.\nEOM\n    exit 1\nfi\n";
			showEnvVarsInLog = 0;
		};
		E87C5AFD5A7D55BE27A60282 /* 📦 Embed Pods Frameworks */ = {
			isa = PBXShellScriptBuildPhase;
			buildActionMask = 2147483647;
			files = (
			);
			inputPaths = (
			);
			name = "📦 Embed Pods Frameworks";
			outputPaths = (
			);
			runOnlyForDeploymentPostprocessing = 0;
			shellPath = /bin/sh;
			shellScript = "\"${SRCROOT}/Pods/Target Support Files/Pods-obminkaTests/Pods-obminkaTests-frameworks.sh\"\n";
			showEnvVarsInLog = 0;
		};
/* End PBXShellScriptBuildPhase section */

/* Begin PBXSourcesBuildPhase section */
		2A0D49831D05AE3500CD5850 /* Sources */ = {
			isa = PBXSourcesBuildPhase;
			buildActionMask = 2147483647;
			files = (
				2A0D49931D05AE3600CD5850 /* obminka.xcdatamodeld in Sources */,
				2A0D498D1D05AE3500CD5850 /* ViewController.swift in Sources */,
				2A0D498B1D05AE3500CD5850 /* AppDelegate.swift in Sources */,
			);
			runOnlyForDeploymentPostprocessing = 0;
		};
		2A0D499A1D05AE3600CD5850 /* Sources */ = {
			isa = PBXSourcesBuildPhase;
			buildActionMask = 2147483647;
			files = (
				2A0D49A31D05AE3600CD5850 /* obminkaTests.swift in Sources */,
			);
			runOnlyForDeploymentPostprocessing = 0;
		};
		2A0D49A51D05AE3600CD5850 /* Sources */ = {
			isa = PBXSourcesBuildPhase;
			buildActionMask = 2147483647;
			files = (
				2A0D49AE1D05AE3600CD5850 /* obminkaUITests.swift in Sources */,
			);
			runOnlyForDeploymentPostprocessing = 0;
		};
/* End PBXSourcesBuildPhase section */

/* Begin PBXTargetDependency section */
		2A0D49A01D05AE3600CD5850 /* PBXTargetDependency */ = {
			isa = PBXTargetDependency;
			target = 2A0D49861D05AE3500CD5850 /* obminka */;
			targetProxy = 2A0D499F1D05AE3600CD5850 /* PBXContainerItemProxy */;
		};
		2A0D49AB1D05AE3600CD5850 /* PBXTargetDependency */ = {
			isa = PBXTargetDependency;
			target = 2A0D49861D05AE3500CD5850 /* obminka */;
			targetProxy = 2A0D49AA1D05AE3600CD5850 /* PBXContainerItemProxy */;
		};
/* End PBXTargetDependency section */

/* Begin PBXVariantGroup section */
		2A0D498E1D05AE3600CD5850 /* Main.storyboard */ = {
			isa = PBXVariantGroup;
			children = (
				2A0D498F1D05AE3600CD5850 /* Base */,
			);
			name = Main.storyboard;
			sourceTree = "<group>";
		};
		2A0D49961D05AE3600CD5850 /* LaunchScreen.storyboard */ = {
			isa = PBXVariantGroup;
			children = (
				2A0D49971D05AE3600CD5850 /* Base */,
			);
			name = LaunchScreen.storyboard;
			sourceTree = "<group>";
		};
/* End PBXVariantGroup section */

/* Begin XCBuildConfiguration section */
		2A0D49B01D05AE3600CD5850 /* Debug */ = {
			isa = XCBuildConfiguration;
			buildSettings = {
				ALWAYS_SEARCH_USER_PATHS = NO;
				CLANG_ANALYZER_NONNULL = YES;
				CLANG_CXX_LANGUAGE_STANDARD = "gnu++0x";
				CLANG_CXX_LIBRARY = "libc++";
				CLANG_ENABLE_MODULES = YES;
				CLANG_ENABLE_OBJC_ARC = YES;
				CLANG_WARN_BOOL_CONVERSION = YES;
				CLANG_WARN_CONSTANT_CONVERSION = YES;
				CLANG_WARN_DIRECT_OBJC_ISA_USAGE = YES_ERROR;
				CLANG_WARN_EMPTY_BODY = YES;
				CLANG_WARN_ENUM_CONVERSION = YES;
				CLANG_WARN_INT_CONVERSION = YES;
				CLANG_WARN_OBJC_ROOT_CLASS = YES_ERROR;
				CLANG_WARN_UNREACHABLE_CODE = YES;
				CLANG_WARN__DUPLICATE_METHOD_MATCH = YES;
				"CODE_SIGN_IDENTITY[sdk=iphoneos*]" = "iPhone Developer";
				COPY_PHASE_STRIP = NO;
				DEBUG_INFORMATION_FORMAT = dwarf;
				ENABLE_STRICT_OBJC_MSGSEND = YES;
				ENABLE_TESTABILITY = YES;
				GCC_C_LANGUAGE_STANDARD = gnu99;
				GCC_DYNAMIC_NO_PIC = NO;
				GCC_NO_COMMON_BLOCKS = YES;
				GCC_OPTIMIZATION_LEVEL = 0;
				GCC_PREPROCESSOR_DEFINITIONS = (
					"DEBUG=1",
					"$(inherited)",
				);
				GCC_WARN_64_TO_32_BIT_CONVERSION = YES;
				GCC_WARN_ABOUT_RETURN_TYPE = YES_ERROR;
				GCC_WARN_UNDECLARED_SELECTOR = YES;
				GCC_WARN_UNINITIALIZED_AUTOS = YES_AGGRESSIVE;
				GCC_WARN_UNUSED_FUNCTION = YES;
				GCC_WARN_UNUSED_VARIABLE = YES;
				IPHONEOS_DEPLOYMENT_TARGET = 9.3;
				MTL_ENABLE_DEBUG_INFO = YES;
				ONLY_ACTIVE_ARCH = YES;
				SDKROOT = iphoneos;
				SWIFT_OPTIMIZATION_LEVEL = "-Onone";
			};
			name = Debug;
		};
		2A0D49B11D05AE3600CD5850 /* Release */ = {
			isa = XCBuildConfiguration;
			buildSettings = {
				ALWAYS_SEARCH_USER_PATHS = NO;
				CLANG_ANALYZER_NONNULL = YES;
				CLANG_CXX_LANGUAGE_STANDARD = "gnu++0x";
				CLANG_CXX_LIBRARY = "libc++";
				CLANG_ENABLE_MODULES = YES;
				CLANG_ENABLE_OBJC_ARC = YES;
				CLANG_WARN_BOOL_CONVERSION = YES;
				CLANG_WARN_CONSTANT_CONVERSION = YES;
				CLANG_WARN_DIRECT_OBJC_ISA_USAGE = YES_ERROR;
				CLANG_WARN_EMPTY_BODY = YES;
				CLANG_WARN_ENUM_CONVERSION = YES;
				CLANG_WARN_INT_CONVERSION = YES;
				CLANG_WARN_OBJC_ROOT_CLASS = YES_ERROR;
				CLANG_WARN_UNREACHABLE_CODE = YES;
				CLANG_WARN__DUPLICATE_METHOD_MATCH = YES;
				"CODE_SIGN_IDENTITY[sdk=iphoneos*]" = "iPhone Developer";
				COPY_PHASE_STRIP = NO;
				DEBUG_INFORMATION_FORMAT = "dwarf-with-dsym";
				ENABLE_NS_ASSERTIONS = NO;
				ENABLE_STRICT_OBJC_MSGSEND = YES;
				GCC_C_LANGUAGE_STANDARD = gnu99;
				GCC_NO_COMMON_BLOCKS = YES;
				GCC_WARN_64_TO_32_BIT_CONVERSION = YES;
				GCC_WARN_ABOUT_RETURN_TYPE = YES_ERROR;
				GCC_WARN_UNDECLARED_SELECTOR = YES;
				GCC_WARN_UNINITIALIZED_AUTOS = YES_AGGRESSIVE;
				GCC_WARN_UNUSED_FUNCTION = YES;
				GCC_WARN_UNUSED_VARIABLE = YES;
				IPHONEOS_DEPLOYMENT_TARGET = 9.3;
				MTL_ENABLE_DEBUG_INFO = NO;
				SDKROOT = iphoneos;
				VALIDATE_PRODUCT = YES;
			};
			name = Release;
		};
		2A0D49B31D05AE3600CD5850 /* Debug */ = {
			isa = XCBuildConfiguration;
			buildSettings = {
				ASSETCATALOG_COMPILER_APPICON_NAME = AppIcon;
				CODE_SIGN_ENTITLEMENTS = "obminka/Обмінка.entitlements";
				CODE_SIGN_IDENTITY = "iPhone Developer";
				INFOPLIST_FILE = obminka/Info.plist;
				IPHONEOS_DEPLOYMENT_TARGET = 9.3;
				LD_RUNPATH_SEARCH_PATHS = "$(inherited) @executable_path/Frameworks";
				PRODUCT_BUNDLE_IDENTIFIER = com.iashchuk.obminka;
				PRODUCT_NAME = "Обмінка";
			};
			name = Debug;
		};
		2A0D49B41D05AE3600CD5850 /* Release */ = {
			isa = XCBuildConfiguration;
			buildSettings = {
				ASSETCATALOG_COMPILER_APPICON_NAME = AppIcon;
				CODE_SIGN_ENTITLEMENTS = "obminka/Обмінка.entitlements";
				CODE_SIGN_IDENTITY = "iPhone Developer";
				INFOPLIST_FILE = obminka/Info.plist;
				IPHONEOS_DEPLOYMENT_TARGET = 9.3;
				LD_RUNPATH_SEARCH_PATHS = "$(inherited) @executable_path/Frameworks";
				PRODUCT_BUNDLE_IDENTIFIER = com.iashchuk.obminka;
				PRODUCT_NAME = "Обмінка";
			};
			name = Release;
		};
		2A0D49B61D05AE3600CD5850 /* Debug */ = {
			isa = XCBuildConfiguration;
			buildSettings = {
				BUNDLE_LOADER = "$(TEST_HOST)";
				INFOPLIST_FILE = obminkaTests/Info.plist;
				LD_RUNPATH_SEARCH_PATHS = "$(inherited) @executable_path/Frameworks @loader_path/Frameworks";
				PRODUCT_BUNDLE_IDENTIFIER = com.iashchuk.obminkaTests;
				PRODUCT_NAME = "Обмінка";
				TEST_HOST = "$(BUILT_PRODUCTS_DIR)/obminka.app/obminka";
			};
			name = Debug;
		};
		2A0D49B71D05AE3600CD5850 /* Release */ = {
			isa = XCBuildConfiguration;
			buildSettings = {
				BUNDLE_LOADER = "$(TEST_HOST)";
				INFOPLIST_FILE = obminkaTests/Info.plist;
				LD_RUNPATH_SEARCH_PATHS = "$(inherited) @executable_path/Frameworks @loader_path/Frameworks";
				PRODUCT_BUNDLE_IDENTIFIER = com.iashchuk.obminkaTests;
				PRODUCT_NAME = "Обмінка";
				TEST_HOST = "$(BUILT_PRODUCTS_DIR)/obminka.app/obminka";
			};
			name = Release;
		};
		2A0D49B91D05AE3600CD5850 /* Debug */ = {
			isa = XCBuildConfiguration;
			buildSettings = {
				INFOPLIST_FILE = obminkaUITests/Info.plist;
				LD_RUNPATH_SEARCH_PATHS = "$(inherited) @executable_path/Frameworks @loader_path/Frameworks";
				PRODUCT_BUNDLE_IDENTIFIER = com.iashchuk.obminkaUITests;
				PRODUCT_NAME = "Обмінка";
				TEST_TARGET_NAME = obminka;
			};
			name = Debug;
		};
		2A0D49BA1D05AE3600CD5850 /* Release */ = {
			isa = XCBuildConfiguration;
			buildSettings = {
				INFOPLIST_FILE = obminkaUITests/Info.plist;
				LD_RUNPATH_SEARCH_PATHS = "$(inherited) @executable_path/Frameworks @loader_path/Frameworks";
				PRODUCT_BUNDLE_IDENTIFIER = com.iashchuk.obminkaUITests;
				PRODUCT_NAME = "Обмінка";
				TEST_TARGET_NAME = obminka;
			};
			name = Release;
		};
/* End XCBuildConfiguration section */

/* Begin XCConfigurationList section */
		2A0D49821D05AE3500CD5850 /* Build configuration list for PBXProject "Обмінка" */ = {
			isa = XCConfigurationList;
			buildConfigurations = (
				2A0D49B01D05AE3600CD5850 /* Debug */,
				2A0D49B11D05AE3600CD5850 /* Release */,
			);
			defaultConfigurationIsVisible = 0;
			defaultConfigurationName = Release;
		};
		2A0D49B21D05AE3600CD5850 /* Build configuration list for PBXNativeTarget "obminka" */ = {
			isa = XCConfigurationList;
			buildConfigurations = (
				2A0D49B31D05AE3600CD5850 /* Debug */,
				2A0D49B41D05AE3600CD5850 /* Release */,
			);
			defaultConfigurationIsVisible = 0;
			defaultConfigurationName = Release;
		};
		2A0D49B51D05AE3600CD5850 /* Build configuration list for PBXNativeTarget "obminkaTests" */ = {
			isa = XCConfigurationList;
			buildConfigurations = (
				2A0D49B61D05AE3600CD5850 /* Debug */,
				2A0D49B71D05AE3600CD5850 /* Release */,
			);
			defaultConfigurationIsVisible = 0;
			defaultConfigurationName = Release;
		};
		2A0D49B81D05AE3600CD5850 /* Build configuration list for PBXNativeTarget "obminkaUITests" */ = {
			isa = XCConfigurationList;
			buildConfigurations = (
				2A0D49B91D05AE3600CD5850 /* Debug */,
				2A0D49BA1D05AE3600CD5850 /* Release */,
			);
			defaultConfigurationIsVisible = 0;
			defaultConfigurationName = Release;
		};
/* End XCConfigurationList section */

/* Begin XCVersionGroup section */
		2A0D49911D05AE3600CD5850 /* obminka.xcdatamodeld */ = {
			isa = XCVersionGroup;
			children = (
				2A0D49921D05AE3600CD5850 /* obminka.xcdatamodel */,
			);
			currentVersion = 2A0D49921D05AE3600CD5850 /* obminka.xcdatamodel */;
			path = obminka.xcdatamodeld;
			sourceTree = "<group>";
			versionGroupType = wrapper.xcdatamodel;
		};
/* End XCVersionGroup section */
	};
	rootObject = 2A0D497F1D05AE3500CD5850 /* Project object */;
}
