// !$*UTF8*$!
{
	archiveVersion = 1;
	classes = {
	};
	objectVersion = 46;
	objects = {

/* Begin PBXBuildFile section */
		2A0D498B1D05AE3500CD5850 /* AppDelegate.swift in Sources */ = {isa = PBXBuildFile; fileRef = 2A0D498A1D05AE3500CD5850 /* AppDelegate.swift */; };
		2A0D498D1D05AE3500CD5850 /* ViewController.swift in Sources */ = {isa = PBXBuildFile; fileRef = 2A0D498C1D05AE3500CD5850 /* ViewController.swift */; };
		2A0D49901D05AE3600CD5850 /* Main.storyboard in Resources */ = {isa = PBXBuildFile; fileRef = 2A0D498E1D05AE3600CD5850 /* Main.storyboard */; };
		2A0D49931D05AE3600CD5850 /* obminka.xcdatamodeld in Sources */ = {isa = PBXBuildFile; fileRef = 2A0D49911D05AE3600CD5850 /* obminka.xcdatamodeld */; };
		2A0D49951D05AE3600CD5850 /* Assets.xcassets in Resources */ = {isa = PBXBuildFile; fileRef = 2A0D49941D05AE3600CD5850 /* Assets.xcassets */; };
		2A0D49981D05AE3600CD5850 /* LaunchScreen.storyboard in Resources */ = {isa = PBXBuildFile; fileRef = 2A0D49961D05AE3600CD5850 /* LaunchScreen.storyboard */; };
/* End PBXBuildFile section */

/* Begin PBXFileReference section */
		2A0D49871D05AE3500CD5850 /* Обмінка.app */ = {isa = PBXFileReference; explicitFileType = wrapper.application; includeInIndex = 0; path = "Обмінка.app"; sourceTree = BUILT_PRODUCTS_DIR; };
		2A0D498A1D05AE3500CD5850 /* AppDelegate.swift */ = {isa = PBXFileReference; lastKnownFileType = sourcecode.swift; path = AppDelegate.swift; sourceTree = "<group>"; };
		2A0D498C1D05AE3500CD5850 /* ViewController.swift */ = {isa = PBXFileReference; lastKnownFileType = sourcecode.swift; path = ViewController.swift; sourceTree = "<group>"; };
		2A0D498F1D05AE3600CD5850 /* Base */ = {isa = PBXFileReference; lastKnownFileType = file.storyboard; name = Base; path = Base.lproj/Main.storyboard; sourceTree = "<group>"; };
		2A0D49921D05AE3600CD5850 /* obminka.xcdatamodel */ = {isa = PBXFileReference; lastKnownFileType = wrapper.xcdatamodel; path = obminka.xcdatamodel; sourceTree = "<group>"; };
		2A0D49941D05AE3600CD5850 /* Assets.xcassets */ = {isa = PBXFileReference; lastKnownFileType = folder.assetcatalog; path = Assets.xcassets; sourceTree = "<group>"; };
		2A0D49971D05AE3600CD5850 /* Base */ = {isa = PBXFileReference; lastKnownFileType = file.storyboard; name = Base; path = Base.lproj/LaunchScreen.storyboard; sourceTree = "<group>"; };
		2A0D49991D05AE3600CD5850 /* Info.plist */ = {isa = PBXFileReference; lastKnownFileType = text.plist.xml; path = Info.plist; sourceTree = "<group>"; };
/* End PBXFileReference section */

/* Begin PBXFrameworksBuildPhase section */
		2A0D49841D05AE3500CD5850 /* Frameworks */ = {
			isa = PBXFrameworksBuildPhase;
			buildActionMask = 2147483647;
			files = (
			);
			runOnlyForDeploymentPostprocessing = 0;
		};
/* End PBXFrameworksBuildPhase section */

/* Begin PBXGroup section */
		2A0D497E1D05AE3500CD5850 = {
			isa = PBXGroup;
			children = (
				2A0D49891D05AE3500CD5850 /* obminka */,
				2A0D49881D05AE3500CD5850 /* Products */,
			);
			sourceTree = "<group>";
		};
		2A0D49881D05AE3500CD5850 /* Products */ = {
			isa = PBXGroup;
			children = (
				2A0D49871D05AE3500CD5850 /* Обмінка.app */,
			);
			name = Products;
			sourceTree = "<group>";
		};
		2A0D49891D05AE3500CD5850 /* obminka */ = {
			isa = PBXGroup;
			children = (
				2A0D498A1D05AE3500CD5850 /* AppDelegate.swift */,
				2A0D498C1D05AE3500CD5850 /* ViewController.swift */,
				2A0D498E1D05AE3600CD5850 /* Main.storyboard */,
				2A0D49941D05AE3600CD5850 /* Assets.xcassets */,
				2A0D49961D05AE3600CD5850 /* LaunchScreen.storyboard */,
				2A0D49991D05AE3600CD5850 /* Info.plist */,
				2A0D49911D05AE3600CD5850 /* obminka.xcdatamodeld */,
			);
			path = obminka;
			sourceTree = "<group>";
		};
/* End PBXGroup section */

/* Begin PBXNativeTarget section */
		2A0D49861D05AE3500CD5850 /* obminka */ = {
			isa = PBXNativeTarget;
			buildConfigurationList = 2A0D49B21D05AE3600CD5850 /* Build configuration list for PBXNativeTarget "obminka" */;
			buildPhases = (
				2A0D49831D05AE3500CD5850 /* Sources */,
				2A0D49841D05AE3500CD5850 /* Frameworks */,
				2A0D49851D05AE3500CD5850 /* Resources */,
			);
			buildRules = (
			);
			dependencies = (
			);
			name = obminka;
			productName = obminka;
			productReference = 2A0D49871D05AE3500CD5850 /* Обмінка.app */;
			productType = "com.apple.product-type.application";
		};
/* End PBXNativeTarget section */

/* Begin PBXProject section */
		2A0D497F1D05AE3500CD5850 /* Project object */ = {
			isa = PBXProject;
			attributes = {
				LastSwiftUpdateCheck = 0730;
				LastUpgradeCheck = 0810;
				ORGANIZATIONNAME = "Alexander Iashchuk";
				TargetAttributes = {
					2A0D49861D05AE3500CD5850 = {
						CreatedOnToolsVersion = 7.3.1;
						DevelopmentTeam = 3NL9BUS2QV;
						LastSwiftMigration = 0810;
						SystemCapabilities = {
							com.apple.BackgroundModes = {
								enabled = 0;
							};
							com.apple.DataProtection = {
								enabled = 0;
							};
							com.apple.InAppPurchase = {
								enabled = 0;
							};
							com.apple.Push = {
								enabled = 0;
							};
							com.apple.SafariKeychain = {
								enabled = 0;
							};
							com.apple.iCloud = {
								enabled = 0;
							};
						};
					};
				};
			};
			buildConfigurationList = 2A0D49821D05AE3500CD5850 /* Build configuration list for PBXProject "Обмінка" */;
			compatibilityVersion = "Xcode 3.2";
			developmentRegion = uk;
			hasScannedForEncodings = 0;
			knownRegions = (
				Base,
			);
			mainGroup = 2A0D497E1D05AE3500CD5850;
			productRefGroup = 2A0D49881D05AE3500CD5850 /* Products */;
			projectDirPath = "";
			projectRoot = "";
			targets = (
				2A0D49861D05AE3500CD5850 /* obminka */,
			);
		};
/* End PBXProject section */

/* Begin PBXResourcesBuildPhase section */
		2A0D49851D05AE3500CD5850 /* Resources */ = {
			isa = PBXResourcesBuildPhase;
			buildActionMask = 2147483647;
			files = (
				2A0D49981D05AE3600CD5850 /* LaunchScreen.storyboard in Resources */,
				2A0D49951D05AE3600CD5850 /* Assets.xcassets in Resources */,
				2A0D49901D05AE3600CD5850 /* Main.storyboard in Resources */,
			);
			runOnlyForDeploymentPostprocessing = 0;
		};
/* End PBXResourcesBuildPhase section */

/* Begin PBXSourcesBuildPhase section */
		2A0D49831D05AE3500CD5850 /* Sources */ = {
			isa = PBXSourcesBuildPhase;
			buildActionMask = 2147483647;
			files = (
				2A0D49931D05AE3600CD5850 /* obminka.xcdatamodeld in Sources */,
				2A0D498D1D05AE3500CD5850 /* ViewController.swift in Sources */,
				2A0D498B1D05AE3500CD5850 /* AppDelegate.swift in Sources */,
			);
			runOnlyForDeploymentPostprocessing = 0;
		};
/* End PBXSourcesBuildPhase section */

/* Begin PBXVariantGroup section */
		2A0D498E1D05AE3600CD5850 /* Main.storyboard */ = {
			isa = PBXVariantGroup;
			children = (
				2A0D498F1D05AE3600CD5850 /* Base */,
			);
			name = Main.storyboard;
			sourceTree = "<group>";
		};
		2A0D49961D05AE3600CD5850 /* LaunchScreen.storyboard */ = {
			isa = PBXVariantGroup;
			children = (
				2A0D49971D05AE3600CD5850 /* Base */,
			);
			name = LaunchScreen.storyboard;
			sourceTree = "<group>";
		};
/* End PBXVariantGroup section */

/* Begin XCBuildConfiguration section */
		2A0D49B01D05AE3600CD5850 /* Debug */ = {
			isa = XCBuildConfiguration;
			buildSettings = {
				ALWAYS_SEARCH_USER_PATHS = NO;
				CLANG_ANALYZER_LOCALIZABILITY_NONLOCALIZED = YES;
				CLANG_ANALYZER_NONNULL = YES;
				CLANG_CXX_LANGUAGE_STANDARD = "gnu++0x";
				CLANG_CXX_LIBRARY = "libc++";
				CLANG_ENABLE_MODULES = YES;
				CLANG_ENABLE_OBJC_ARC = YES;
				CLANG_WARN_BOOL_CONVERSION = YES;
				CLANG_WARN_CONSTANT_CONVERSION = YES;
				CLANG_WARN_DIRECT_OBJC_ISA_USAGE = YES_ERROR;
				CLANG_WARN_EMPTY_BODY = YES;
				CLANG_WARN_ENUM_CONVERSION = YES;
				CLANG_WARN_INFINITE_RECURSION = YES;
				CLANG_WARN_INT_CONVERSION = YES;
				CLANG_WARN_OBJC_ROOT_CLASS = YES_ERROR;
				CLANG_WARN_SUSPICIOUS_MOVE = YES;
				CLANG_WARN_UNREACHABLE_CODE = YES;
				CLANG_WARN__DUPLICATE_METHOD_MATCH = YES;
				"CODE_SIGN_IDENTITY[sdk=iphoneos*]" = "iPhone Developer";
				COPY_PHASE_STRIP = NO;
				DEBUG_INFORMATION_FORMAT = dwarf;
				ENABLE_STRICT_OBJC_MSGSEND = YES;
				ENABLE_TESTABILITY = YES;
				GCC_C_LANGUAGE_STANDARD = gnu99;
				GCC_DYNAMIC_NO_PIC = NO;
				GCC_NO_COMMON_BLOCKS = YES;
				GCC_OPTIMIZATION_LEVEL = 0;
				GCC_PREPROCESSOR_DEFINITIONS = (
					"DEBUG=1",
					"$(inherited)",
				);
				GCC_WARN_64_TO_32_BIT_CONVERSION = YES;
				GCC_WARN_ABOUT_RETURN_TYPE = YES_ERROR;
				GCC_WARN_UNDECLARED_SELECTOR = YES;
				GCC_WARN_UNINITIALIZED_AUTOS = YES_AGGRESSIVE;
				GCC_WARN_UNUSED_FUNCTION = YES;
				GCC_WARN_UNUSED_VARIABLE = YES;
				IPHONEOS_DEPLOYMENT_TARGET = 10.0;
				MTL_ENABLE_DEBUG_INFO = YES;
				ONLY_ACTIVE_ARCH = YES;
				SDKROOT = iphoneos;
				SWIFT_OPTIMIZATION_LEVEL = "-Onone";
			};
			name = Debug;
		};
		2A0D49B11D05AE3600CD5850 /* Release */ = {
			isa = XCBuildConfiguration;
			buildSettings = {
				ALWAYS_SEARCH_USER_PATHS = NO;
				CLANG_ANALYZER_LOCALIZABILITY_NONLOCALIZED = YES;
				CLANG_ANALYZER_NONNULL = YES;
				CLANG_CXX_LANGUAGE_STANDARD = "gnu++0x";
				CLANG_CXX_LIBRARY = "libc++";
				CLANG_ENABLE_MODULES = YES;
				CLANG_ENABLE_OBJC_ARC = YES;
				CLANG_WARN_BOOL_CONVERSION = YES;
				CLANG_WARN_CONSTANT_CONVERSION = YES;
				CLANG_WARN_DIRECT_OBJC_ISA_USAGE = YES_ERROR;
				CLANG_WARN_EMPTY_BODY = YES;
				CLANG_WARN_ENUM_CONVERSION = YES;
				CLANG_WARN_INFINITE_RECURSION = YES;
				CLANG_WARN_INT_CONVERSION = YES;
				CLANG_WARN_OBJC_ROOT_CLASS = YES_ERROR;
				CLANG_WARN_SUSPICIOUS_MOVE = YES;
				CLANG_WARN_UNREACHABLE_CODE = YES;
				CLANG_WARN__DUPLICATE_METHOD_MATCH = YES;
				"CODE_SIGN_IDENTITY[sdk=iphoneos*]" = "iPhone Developer";
				COPY_PHASE_STRIP = NO;
				DEBUG_INFORMATION_FORMAT = "dwarf-with-dsym";
				ENABLE_NS_ASSERTIONS = NO;
				ENABLE_STRICT_OBJC_MSGSEND = YES;
				GCC_C_LANGUAGE_STANDARD = gnu99;
				GCC_NO_COMMON_BLOCKS = YES;
				GCC_WARN_64_TO_32_BIT_CONVERSION = YES;
				GCC_WARN_ABOUT_RETURN_TYPE = YES_ERROR;
				GCC_WARN_UNDECLARED_SELECTOR = YES;
				GCC_WARN_UNINITIALIZED_AUTOS = YES_AGGRESSIVE;
				GCC_WARN_UNUSED_FUNCTION = YES;
				GCC_WARN_UNUSED_VARIABLE = YES;
				IPHONEOS_DEPLOYMENT_TARGET = 10.0;
				MTL_ENABLE_DEBUG_INFO = NO;
				SDKROOT = iphoneos;
				SWIFT_OPTIMIZATION_LEVEL = "-Owholemodule";
				VALIDATE_PRODUCT = YES;
			};
			name = Release;
		};
		2A0D49B31D05AE3600CD5850 /* Debug */ = {
			isa = XCBuildConfiguration;
			buildSettings = {
				ASSETCATALOG_COMPILER_APPICON_NAME = AppIcon;
				CODE_SIGN_IDENTITY = "iPhone Developer";
				INFOPLIST_FILE = obminka/Info.plist;
				IPHONEOS_DEPLOYMENT_TARGET = 10.0;
				LD_RUNPATH_SEARCH_PATHS = "$(inherited) @executable_path/Frameworks";
				PRODUCT_BUNDLE_IDENTIFIER = com.iashchuk.obminka;
				PRODUCT_NAME = "Обмінка";
				SWIFT_VERSION = 3.0;
			};
			name = Debug;
		};
		2A0D49B41D05AE3600CD5850 /* Release */ = {
			isa = XCBuildConfiguration;
			buildSettings = {
				ASSETCATALOG_COMPILER_APPICON_NAME = AppIcon;
				CODE_SIGN_IDENTITY = "iPhone Developer";
				INFOPLIST_FILE = obminka/Info.plist;
				IPHONEOS_DEPLOYMENT_TARGET = 10.0;
				LD_RUNPATH_SEARCH_PATHS = "$(inherited) @executable_path/Frameworks";
				PRODUCT_BUNDLE_IDENTIFIER = com.iashchuk.obminka;
				PRODUCT_NAME = "Обмінка";
				SWIFT_VERSION = 3.0;
			};
			name = Release;
		};
/* End XCBuildConfiguration section */

/* Begin XCConfigurationList section */
		2A0D49821D05AE3500CD5850 /* Build configuration list for PBXProject "Обмінка" */ = {
			isa = XCConfigurationList;
			buildConfigurations = (
				2A0D49B01D05AE3600CD5850 /* Debug */,
				2A0D49B11D05AE3600CD5850 /* Release */,
			);
			defaultConfigurationIsVisible = 0;
			defaultConfigurationName = Release;
		};
		2A0D49B21D05AE3600CD5850 /* Build configuration list for PBXNativeTarget "obminka" */ = {
			isa = XCConfigurationList;
			buildConfigurations = (
				2A0D49B31D05AE3600CD5850 /* Debug */,
				2A0D49B41D05AE3600CD5850 /* Release */,
			);
			defaultConfigurationIsVisible = 0;
			defaultConfigurationName = Release;
		};
/* End XCConfigurationList section */

/* Begin XCVersionGroup section */
		2A0D49911D05AE3600CD5850 /* obminka.xcdatamodeld */ = {
			isa = XCVersionGroup;
			children = (
				2A0D49921D05AE3600CD5850 /* obminka.xcdatamodel */,
			);
			currentVersion = 2A0D49921D05AE3600CD5850 /* obminka.xcdatamodel */;
			path = obminka.xcdatamodeld;
			sourceTree = "<group>";
			versionGroupType = wrapper.xcdatamodel;
		};
/* End XCVersionGroup section */
	};
	rootObject = 2A0D497F1D05AE3500CD5850 /* Project object */;
}
