// !$*UTF8*$!
{
	archiveVersion = 1;
	classes = {
	};
	objectVersion = 46;
	objects = {

/* Begin PBXBuildFile section */
		0EAA3FC9FA5CE82745472D1E /* Pods_stickers.framework in Frameworks */ = {isa = PBXBuildFile; fileRef = 499C13870EDA2A05B18BA8CA /* Pods_stickers.framework */; };
		2A0D498B1D05AE3500CD5850 /* AppDelegate.swift in Sources */ = {isa = PBXBuildFile; fileRef = 2A0D498A1D05AE3500CD5850 /* AppDelegate.swift */; };
		2A0D498D1D05AE3500CD5850 /* MainViewController.swift in Sources */ = {isa = PBXBuildFile; fileRef = 2A0D498C1D05AE3500CD5850 /* MainViewController.swift */; };
		2A0D49901D05AE3600CD5850 /* Main.storyboard in Resources */ = {isa = PBXBuildFile; fileRef = 2A0D498E1D05AE3600CD5850 /* Main.storyboard */; };
		2A0D49931D05AE3600CD5850 /* obminka.xcdatamodeld in Sources */ = {isa = PBXBuildFile; fileRef = 2A0D49911D05AE3600CD5850 /* obminka.xcdatamodeld */; };
		2A0D49951D05AE3600CD5850 /* Assets.xcassets in Resources */ = {isa = PBXBuildFile; fileRef = 2A0D49941D05AE3600CD5850 /* Assets.xcassets */; };
		2A0D49981D05AE3600CD5850 /* LaunchScreen.storyboard in Resources */ = {isa = PBXBuildFile; fileRef = 2A0D49961D05AE3600CD5850 /* LaunchScreen.storyboard */; };
		2A85B7D91DF58562004CEA82 /* FirstViewController.swift in Sources */ = {isa = PBXBuildFile; fileRef = 2A85B7D81DF58562004CEA82 /* FirstViewController.swift */; };
		2AF60F381DE77E3300309836 /* Stickers.xcassets in Resources */ = {isa = PBXBuildFile; fileRef = 2AF60F371DE77E3300309836 /* Stickers.xcassets */; };
		2AF60F3C1DE77E3300309836 /* stickers.appex in Embed App Extensions */ = {isa = PBXBuildFile; fileRef = 2AF60F351DE77E3300309836 /* stickers.appex */; settings = {ATTRIBUTES = (RemoveHeadersOnCopy, ); }; };
		E11AC7ECD54507639FBDAC43 /* Pods_obminka.framework in Frameworks */ = {isa = PBXBuildFile; fileRef = 9697C78CC66A2C71A925B6D0 /* Pods_obminka.framework */; };
/* End PBXBuildFile section */

/* Begin PBXContainerItemProxy section */
		2AF60F3A1DE77E3300309836 /* PBXContainerItemProxy */ = {
			isa = PBXContainerItemProxy;
			containerPortal = 2A0D497F1D05AE3500CD5850 /* Project object */;
			proxyType = 1;
			remoteGlobalIDString = 2AF60F341DE77E3300309836;
			remoteInfo = stickers;
		};
/* End PBXContainerItemProxy section */

/* Begin PBXCopyFilesBuildPhase section */
		2AF60F401DE77E3300309836 /* Embed App Extensions */ = {
			isa = PBXCopyFilesBuildPhase;
			buildActionMask = 2147483647;
			dstPath = "";
			dstSubfolderSpec = 13;
			files = (
				2AF60F3C1DE77E3300309836 /* stickers.appex in Embed App Extensions */,
			);
			name = "Embed App Extensions";
			runOnlyForDeploymentPostprocessing = 0;
		};
/* End PBXCopyFilesBuildPhase section */

/* Begin PBXFileReference section */
		2A0D49871D05AE3500CD5850 /* obminka.app */ = {isa = PBXFileReference; explicitFileType = wrapper.application; includeInIndex = 0; path = obminka.app; sourceTree = BUILT_PRODUCTS_DIR; };
		2A0D498A1D05AE3500CD5850 /* AppDelegate.swift */ = {isa = PBXFileReference; lastKnownFileType = sourcecode.swift; path = AppDelegate.swift; sourceTree = "<group>"; };
		2A0D498C1D05AE3500CD5850 /* MainViewController.swift */ = {isa = PBXFileReference; lastKnownFileType = sourcecode.swift; path = MainViewController.swift; sourceTree = "<group>"; };
		2A0D498F1D05AE3600CD5850 /* Base */ = {isa = PBXFileReference; lastKnownFileType = file.storyboard; name = Base; path = Base.lproj/Main.storyboard; sourceTree = "<group>"; };
		2A0D49921D05AE3600CD5850 /* obminka.xcdatamodel */ = {isa = PBXFileReference; lastKnownFileType = wrapper.xcdatamodel; path = obminka.xcdatamodel; sourceTree = "<group>"; };
		2A0D49941D05AE3600CD5850 /* Assets.xcassets */ = {isa = PBXFileReference; lastKnownFileType = folder.assetcatalog; path = Assets.xcassets; sourceTree = "<group>"; };
		2A0D49971D05AE3600CD5850 /* Base */ = {isa = PBXFileReference; lastKnownFileType = file.storyboard; name = Base; path = Base.lproj/LaunchScreen.storyboard; sourceTree = "<group>"; };
		2A0D49991D05AE3600CD5850 /* Info.plist */ = {isa = PBXFileReference; lastKnownFileType = text.plist.xml; path = Info.plist; sourceTree = "<group>"; };
		2A85B7D81DF58562004CEA82 /* FirstViewController.swift */ = {isa = PBXFileReference; fileEncoding = 4; lastKnownFileType = sourcecode.swift; path = FirstViewController.swift; sourceTree = "<group>"; };
		2A8D5D971E18082700D40742 /* ru */ = {isa = PBXFileReference; lastKnownFileType = text.plist.strings; name = ru; path = ru.lproj/Main.strings; sourceTree = "<group>"; };
		2A8D5D991E18082900D40742 /* en */ = {isa = PBXFileReference; lastKnownFileType = text.plist.strings; name = en; path = en.lproj/Main.strings; sourceTree = "<group>"; };
		2A8D5D9B1E18087400D40742 /* uk */ = {isa = PBXFileReference; lastKnownFileType = text.plist.strings; name = uk; path = uk.lproj/Main.strings; sourceTree = "<group>"; };
		2AF60F351DE77E3300309836 /* stickers.appex */ = {isa = PBXFileReference; explicitFileType = "wrapper.app-extension"; includeInIndex = 0; path = stickers.appex; sourceTree = BUILT_PRODUCTS_DIR; };
		2AF60F371DE77E3300309836 /* Stickers.xcassets */ = {isa = PBXFileReference; lastKnownFileType = folder.assetcatalog; path = Stickers.xcassets; sourceTree = "<group>"; };
		2AF60F391DE77E3300309836 /* Info.plist */ = {isa = PBXFileReference; lastKnownFileType = text.plist.xml; path = Info.plist; sourceTree = "<group>"; };
		334892980D35C43518F7F1AF /* Pods-stickers.release.xcconfig */ = {isa = PBXFileReference; includeInIndex = 1; lastKnownFileType = text.xcconfig; name = "Pods-stickers.release.xcconfig"; path = "Pods/Target Support Files/Pods-stickers/Pods-stickers.release.xcconfig"; sourceTree = "<group>"; };
		499C13870EDA2A05B18BA8CA /* Pods_stickers.framework */ = {isa = PBXFileReference; explicitFileType = wrapper.framework; includeInIndex = 0; path = Pods_stickers.framework; sourceTree = BUILT_PRODUCTS_DIR; };
		6E6109BF6E1EDC0400C37F0D /* Pods-obminka.debug.xcconfig */ = {isa = PBXFileReference; includeInIndex = 1; lastKnownFileType = text.xcconfig; name = "Pods-obminka.debug.xcconfig"; path = "Pods/Target Support Files/Pods-obminka/Pods-obminka.debug.xcconfig"; sourceTree = "<group>"; };
		9697C78CC66A2C71A925B6D0 /* Pods_obminka.framework */ = {isa = PBXFileReference; explicitFileType = wrapper.framework; includeInIndex = 0; path = Pods_obminka.framework; sourceTree = BUILT_PRODUCTS_DIR; };
		A1BD0E801E351D841306E54E /* Pods-obminka.release.xcconfig */ = {isa = PBXFileReference; includeInIndex = 1; lastKnownFileType = text.xcconfig; name = "Pods-obminka.release.xcconfig"; path = "Pods/Target Support Files/Pods-obminka/Pods-obminka.release.xcconfig"; sourceTree = "<group>"; };
		DFAB61C1E544DCF2E5A5620D /* Pods-stickers.debug.xcconfig */ = {isa = PBXFileReference; includeInIndex = 1; lastKnownFileType = text.xcconfig; name = "Pods-stickers.debug.xcconfig"; path = "Pods/Target Support Files/Pods-stickers/Pods-stickers.debug.xcconfig"; sourceTree = "<group>"; };
/* End PBXFileReference section */

/* Begin PBXFrameworksBuildPhase section */
		2A0D49841D05AE3500CD5850 /* Frameworks */ = {
			isa = PBXFrameworksBuildPhase;
			buildActionMask = 2147483647;
			files = (
				E11AC7ECD54507639FBDAC43 /* Pods_obminka.framework in Frameworks */,
			);
			runOnlyForDeploymentPostprocessing = 0;
		};
		FE76F523FEBDC744DCB96E0F /* Frameworks */ = {
			isa = PBXFrameworksBuildPhase;
			buildActionMask = 2147483647;
			files = (
				0EAA3FC9FA5CE82745472D1E /* Pods_stickers.framework in Frameworks */,
			);
			runOnlyForDeploymentPostprocessing = 0;
		};
/* End PBXFrameworksBuildPhase section */

/* Begin PBXGroup section */
		2A0D497E1D05AE3500CD5850 = {
			isa = PBXGroup;
			children = (
				2A0D49891D05AE3500CD5850 /* obminka */,
				2AF60F361DE77E3300309836 /* stickers */,
				2A0D49881D05AE3500CD5850 /* Products */,
				8CDC23065FFC72E3C731423E /* Pods */,
				67F3E4E77DC864D3AFBDF495 /* Frameworks */,
			);
			sourceTree = "<group>";
		};
		2A0D49881D05AE3500CD5850 /* Products */ = {
			isa = PBXGroup;
			children = (
				2A0D49871D05AE3500CD5850 /* obminka.app */,
				2AF60F351DE77E3300309836 /* stickers.appex */,
			);
			name = Products;
			sourceTree = "<group>";
		};
		2A0D49891D05AE3500CD5850 /* obminka */ = {
			isa = PBXGroup;
			children = (
				2A0D498A1D05AE3500CD5850 /* AppDelegate.swift */,
				2A0D498C1D05AE3500CD5850 /* MainViewController.swift */,
				2A85B7D81DF58562004CEA82 /* FirstViewController.swift */,
				2A0D498E1D05AE3600CD5850 /* Main.storyboard */,
				2A0D49941D05AE3600CD5850 /* Assets.xcassets */,
				2A0D49961D05AE3600CD5850 /* LaunchScreen.storyboard */,
				2A0D49991D05AE3600CD5850 /* Info.plist */,
				2A0D49911D05AE3600CD5850 /* obminka.xcdatamodeld */,
			);
			path = obminka;
			sourceTree = "<group>";
		};
		2AF60F361DE77E3300309836 /* stickers */ = {
			isa = PBXGroup;
			children = (
				2AF60F371DE77E3300309836 /* Stickers.xcassets */,
				2AF60F391DE77E3300309836 /* Info.plist */,
			);
			path = stickers;
			sourceTree = "<group>";
		};
		67F3E4E77DC864D3AFBDF495 /* Frameworks */ = {
			isa = PBXGroup;
			children = (
				9697C78CC66A2C71A925B6D0 /* Pods_obminka.framework */,
				499C13870EDA2A05B18BA8CA /* Pods_stickers.framework */,
			);
			name = Frameworks;
			sourceTree = "<group>";
		};
		8CDC23065FFC72E3C731423E /* Pods */ = {
			isa = PBXGroup;
			children = (
				6E6109BF6E1EDC0400C37F0D /* Pods-obminka.debug.xcconfig */,
				A1BD0E801E351D841306E54E /* Pods-obminka.release.xcconfig */,
				DFAB61C1E544DCF2E5A5620D /* Pods-stickers.debug.xcconfig */,
				334892980D35C43518F7F1AF /* Pods-stickers.release.xcconfig */,
			);
			name = Pods;
			sourceTree = "<group>";
		};
/* End PBXGroup section */

/* Begin PBXNativeTarget section */
		2A0D49861D05AE3500CD5850 /* obminka */ = {
			isa = PBXNativeTarget;
			buildConfigurationList = 2A0D49B21D05AE3600CD5850 /* Build configuration list for PBXNativeTarget "obminka" */;
			buildPhases = (
				4B12FE9708C49507FC3C7F8E /* [CP] Check Pods Manifest.lock */,
				2A0D49831D05AE3500CD5850 /* Sources */,
				2A0D49841D05AE3500CD5850 /* Frameworks */,
				2A0D49851D05AE3500CD5850 /* Resources */,
				2AF60F401DE77E3300309836 /* Embed App Extensions */,
				2AD0ED851E09CC02009AD107 /* ShellScript */,
				4179787668FFDE9EAC93C725 /* [CP] Embed Pods Frameworks */,
				29AB58AEC58CFB548B64B7F9 /* [CP] Copy Pods Resources */,
			);
			buildRules = (
			);
			dependencies = (
				2AF60F3B1DE77E3300309836 /* PBXTargetDependency */,
			);
			name = obminka;
			productName = obminka;
			productReference = 2A0D49871D05AE3500CD5850 /* obminka.app */;
			productType = "com.apple.product-type.application";
		};
		2AF60F341DE77E3300309836 /* stickers */ = {
			isa = PBXNativeTarget;
			buildConfigurationList = 2AF60F3D1DE77E3300309836 /* Build configuration list for PBXNativeTarget "stickers" */;
			buildPhases = (
				34B58D2C6F5FF20E5F0C782D /* [CP] Check Pods Manifest.lock */,
				2AF60F331DE77E3300309836 /* Resources */,
				FE76F523FEBDC744DCB96E0F /* Frameworks */,
				4B6843C5014B4A34DEE20DF9 /* [CP] Copy Pods Resources */,
			);
			buildRules = (
			);
			dependencies = (
			);
			name = stickers;
			productName = stickers;
			productReference = 2AF60F351DE77E3300309836 /* stickers.appex */;
			productType = "com.apple.product-type.app-extension.messages-sticker-pack";
		};
/* End PBXNativeTarget section */

/* Begin PBXProject section */
		2A0D497F1D05AE3500CD5850 /* Project object */ = {
			isa = PBXProject;
			attributes = {
				LastSwiftUpdateCheck = 0730;
				LastUpgradeCheck = 0810;
				ORGANIZATIONNAME = "Alexander Iashchuk";
				TargetAttributes = {
					2A0D49861D05AE3500CD5850 = {
						CreatedOnToolsVersion = 7.3.1;
						DevelopmentTeam = 3NL9BUS2QV;
						LastSwiftMigration = 0810;
						SystemCapabilities = {
							com.apple.BackgroundModes = {
								enabled = 0;
							};
							com.apple.DataProtection = {
								enabled = 0;
							};
							com.apple.InAppPurchase = {
								enabled = 0;
							};
							com.apple.Push = {
								enabled = 0;
							};
							com.apple.SafariKeychain = {
								enabled = 0;
							};
							com.apple.iCloud = {
								enabled = 0;
							};
						};
					};
					2AF60F341DE77E3300309836 = {
						CreatedOnToolsVersion = 8.1;
						DevelopmentTeam = 3NL9BUS2QV;
						ProvisioningStyle = Automatic;
					};
				};
			};
			buildConfigurationList = 2A0D49821D05AE3500CD5850 /* Build configuration list for PBXProject "obminka" */;
			compatibilityVersion = "Xcode 3.2";
			developmentRegion = uk;
			hasScannedForEncodings = 0;
			knownRegions = (
				Base,
				ru,
				en,
				uk,
			);
			mainGroup = 2A0D497E1D05AE3500CD5850;
			productRefGroup = 2A0D49881D05AE3500CD5850 /* Products */;
			projectDirPath = "";
			projectRoot = "";
			targets = (
				2A0D49861D05AE3500CD5850 /* obminka */,
				2AF60F341DE77E3300309836 /* stickers */,
			);
		};
/* End PBXProject section */

/* Begin PBXResourcesBuildPhase section */
		2A0D49851D05AE3500CD5850 /* Resources */ = {
			isa = PBXResourcesBuildPhase;
			buildActionMask = 2147483647;
			files = (
				2A0D49981D05AE3600CD5850 /* LaunchScreen.storyboard in Resources */,
				2A0D49951D05AE3600CD5850 /* Assets.xcassets in Resources */,
				2A0D49901D05AE3600CD5850 /* Main.storyboard in Resources */,
			);
			runOnlyForDeploymentPostprocessing = 0;
		};
		2AF60F331DE77E3300309836 /* Resources */ = {
			isa = PBXResourcesBuildPhase;
			buildActionMask = 2147483647;
			files = (
				2AF60F381DE77E3300309836 /* Stickers.xcassets in Resources */,
			);
			runOnlyForDeploymentPostprocessing = 0;
		};
/* End PBXResourcesBuildPhase section */

/* Begin PBXShellScriptBuildPhase section */
		29AB58AEC58CFB548B64B7F9 /* [CP] Copy Pods Resources */ = {
			isa = PBXShellScriptBuildPhase;
			buildActionMask = 2147483647;
			files = (
			);
			inputPaths = (
			);
			name = "[CP] Copy Pods Resources";
			outputPaths = (
			);
			runOnlyForDeploymentPostprocessing = 0;
			shellPath = /bin/sh;
			shellScript = "\"${SRCROOT}/Pods/Target Support Files/Pods-obminka/Pods-obminka-resources.sh\"\n";
			showEnvVarsInLog = 0;
		};
		2AD0ED851E09CC02009AD107 /* ShellScript */ = {
			isa = PBXShellScriptBuildPhase;
			buildActionMask = 2147483647;
			files = (
			);
			inputPaths = (
			);
			outputPaths = (
			);
			runOnlyForDeploymentPostprocessing = 0;
			shellPath = /bin/sh;
			shellScript = "\"${PODS_ROOT}/Fabric/run\" af1480601e72b3fedc097fc104b9f051bc26da83 00411d79bbd719b5f4269612b344e1538ca314ffbdd8df1c9c702b0956d37e0d";
		};
		34B58D2C6F5FF20E5F0C782D /* [CP] Check Pods Manifest.lock */ = {
			isa = PBXShellScriptBuildPhase;
			buildActionMask = 2147483647;
			files = (
			);
			inputPaths = (
			);
			name = "[CP] Check Pods Manifest.lock";
			outputPaths = (
			);
			runOnlyForDeploymentPostprocessing = 0;
			shellPath = /bin/sh;
			shellScript = "diff \"${PODS_ROOT}/../Podfile.lock\" \"${PODS_ROOT}/Manifest.lock\" > /dev/null\nif [ $? != 0 ] ; then\n    # print error to STDERR\n    echo \"error: The sandbox is not in sync with the Podfile.lock. Run 'pod install' or update your CocoaPods installation.\" >&2\n    exit 1\nfi\n";
			showEnvVarsInLog = 0;
		};
		4179787668FFDE9EAC93C725 /* [CP] Embed Pods Frameworks */ = {
			isa = PBXShellScriptBuildPhase;
			buildActionMask = 2147483647;
			files = (
			);
			inputPaths = (
			);
			name = "[CP] Embed Pods Frameworks";
			outputPaths = (
			);
			runOnlyForDeploymentPostprocessing = 0;
			shellPath = /bin/sh;
			shellScript = "\"${SRCROOT}/Pods/Target Support Files/Pods-obminka/Pods-obminka-frameworks.sh\"\n";
			showEnvVarsInLog = 0;
		};
		4B12FE9708C49507FC3C7F8E /* [CP] Check Pods Manifest.lock */ = {
			isa = PBXShellScriptBuildPhase;
			buildActionMask = 2147483647;
			files = (
			);
			inputPaths = (
			);
			name = "[CP] Check Pods Manifest.lock";
			outputPaths = (
			);
			runOnlyForDeploymentPostprocessing = 0;
			shellPath = /bin/sh;
			shellScript = "diff \"${PODS_ROOT}/../Podfile.lock\" \"${PODS_ROOT}/Manifest.lock\" > /dev/null\nif [ $? != 0 ] ; then\n    # print error to STDERR\n    echo \"error: The sandbox is not in sync with the Podfile.lock. Run 'pod install' or update your CocoaPods installation.\" >&2\n    exit 1\nfi\n";
			showEnvVarsInLog = 0;
		};
		4B6843C5014B4A34DEE20DF9 /* [CP] Copy Pods Resources */ = {
			isa = PBXShellScriptBuildPhase;
			buildActionMask = 2147483647;
			files = (
			);
			inputPaths = (
			);
			name = "[CP] Copy Pods Resources";
			outputPaths = (
			);
			runOnlyForDeploymentPostprocessing = 0;
			shellPath = /bin/sh;
			shellScript = "\"${SRCROOT}/Pods/Target Support Files/Pods-stickers/Pods-stickers-resources.sh\"\n";
			showEnvVarsInLog = 0;
		};
/* End PBXShellScriptBuildPhase section */

/* Begin PBXSourcesBuildPhase section */
		2A0D49831D05AE3500CD5850 /* Sources */ = {
			isa = PBXSourcesBuildPhase;
			buildActionMask = 2147483647;
			files = (
				2A0D49931D05AE3600CD5850 /* obminka.xcdatamodeld in Sources */,
				2A0D498D1D05AE3500CD5850 /* MainViewController.swift in Sources */,
				2A0D498B1D05AE3500CD5850 /* AppDelegate.swift in Sources */,
				2A85B7D91DF58562004CEA82 /* FirstViewController.swift in Sources */,
			);
			runOnlyForDeploymentPostprocessing = 0;
		};
/* End PBXSourcesBuildPhase section */

/* Begin PBXTargetDependency section */
		2AF60F3B1DE77E3300309836 /* PBXTargetDependency */ = {
			isa = PBXTargetDependency;
			target = 2AF60F341DE77E3300309836 /* stickers */;
			targetProxy = 2AF60F3A1DE77E3300309836 /* PBXContainerItemProxy */;
		};
/* End PBXTargetDependency section */

/* Begin PBXVariantGroup section */
		2A0D498E1D05AE3600CD5850 /* Main.storyboard */ = {
			isa = PBXVariantGroup;
			children = (
				2A0D498F1D05AE3600CD5850 /* Base */,
				2A8D5D971E18082700D40742 /* ru */,
				2A8D5D991E18082900D40742 /* en */,
				2A8D5D9B1E18087400D40742 /* uk */,
			);
			name = Main.storyboard;
			sourceTree = "<group>";
		};
		2A0D49961D05AE3600CD5850 /* LaunchScreen.storyboard */ = {
			isa = PBXVariantGroup;
			children = (
				2A0D49971D05AE3600CD5850 /* Base */,
			);
			name = LaunchScreen.storyboard;
			sourceTree = "<group>";
		};
/* End PBXVariantGroup section */

/* Begin XCBuildConfiguration section */
		2A0D49B01D05AE3600CD5850 /* Debug */ = {
			isa = XCBuildConfiguration;
			buildSettings = {
				ALWAYS_SEARCH_USER_PATHS = NO;
				CLANG_ANALYZER_LOCALIZABILITY_NONLOCALIZED = YES;
				CLANG_ANALYZER_NONNULL = YES;
				CLANG_CXX_LANGUAGE_STANDARD = "gnu++0x";
				CLANG_CXX_LIBRARY = "libc++";
				CLANG_ENABLE_MODULES = YES;
				CLANG_ENABLE_OBJC_ARC = YES;
				CLANG_WARN_BOOL_CONVERSION = YES;
				CLANG_WARN_CONSTANT_CONVERSION = YES;
				CLANG_WARN_DIRECT_OBJC_ISA_USAGE = YES_ERROR;
				CLANG_WARN_EMPTY_BODY = YES;
				CLANG_WARN_ENUM_CONVERSION = YES;
				CLANG_WARN_INFINITE_RECURSION = YES;
				CLANG_WARN_INT_CONVERSION = YES;
				CLANG_WARN_OBJC_ROOT_CLASS = YES_ERROR;
				CLANG_WARN_SUSPICIOUS_MOVE = YES;
				CLANG_WARN_UNREACHABLE_CODE = YES;
				CLANG_WARN__DUPLICATE_METHOD_MATCH = YES;
				"CODE_SIGN_IDENTITY[sdk=iphoneos*]" = "iPhone Developer";
				COPY_PHASE_STRIP = NO;
				DEBUG_INFORMATION_FORMAT = dwarf;
				ENABLE_STRICT_OBJC_MSGSEND = YES;
				ENABLE_TESTABILITY = YES;
				GCC_C_LANGUAGE_STANDARD = gnu99;
				GCC_DYNAMIC_NO_PIC = NO;
				GCC_NO_COMMON_BLOCKS = YES;
				GCC_OPTIMIZATION_LEVEL = 0;
				GCC_PREPROCESSOR_DEFINITIONS = (
					"DEBUG=1",
					"$(inherited)",
				);
				GCC_WARN_64_TO_32_BIT_CONVERSION = YES;
				GCC_WARN_ABOUT_RETURN_TYPE = YES_ERROR;
				GCC_WARN_UNDECLARED_SELECTOR = YES;
				GCC_WARN_UNINITIALIZED_AUTOS = YES_AGGRESSIVE;
				GCC_WARN_UNUSED_FUNCTION = YES;
				GCC_WARN_UNUSED_VARIABLE = YES;
				IPHONEOS_DEPLOYMENT_TARGET = 10.0;
				MTL_ENABLE_DEBUG_INFO = YES;
				ONLY_ACTIVE_ARCH = YES;
				SDKROOT = iphoneos;
				SWIFT_OPTIMIZATION_LEVEL = "-Onone";
			};
			name = Debug;
		};
		2A0D49B11D05AE3600CD5850 /* Release */ = {
			isa = XCBuildConfiguration;
			buildSettings = {
				ALWAYS_SEARCH_USER_PATHS = NO;
				CLANG_ANALYZER_LOCALIZABILITY_NONLOCALIZED = YES;
				CLANG_ANALYZER_NONNULL = YES;
				CLANG_CXX_LANGUAGE_STANDARD = "gnu++0x";
				CLANG_CXX_LIBRARY = "libc++";
				CLANG_ENABLE_MODULES = YES;
				CLANG_ENABLE_OBJC_ARC = YES;
				CLANG_WARN_BOOL_CONVERSION = YES;
				CLANG_WARN_CONSTANT_CONVERSION = YES;
				CLANG_WARN_DIRECT_OBJC_ISA_USAGE = YES_ERROR;
				CLANG_WARN_EMPTY_BODY = YES;
				CLANG_WARN_ENUM_CONVERSION = YES;
				CLANG_WARN_INFINITE_RECURSION = YES;
				CLANG_WARN_INT_CONVERSION = YES;
				CLANG_WARN_OBJC_ROOT_CLASS = YES_ERROR;
				CLANG_WARN_SUSPICIOUS_MOVE = YES;
				CLANG_WARN_UNREACHABLE_CODE = YES;
				CLANG_WARN__DUPLICATE_METHOD_MATCH = YES;
				"CODE_SIGN_IDENTITY[sdk=iphoneos*]" = "iPhone Developer";
				COPY_PHASE_STRIP = NO;
				DEBUG_INFORMATION_FORMAT = "dwarf-with-dsym";
				ENABLE_NS_ASSERTIONS = NO;
				ENABLE_STRICT_OBJC_MSGSEND = YES;
				GCC_C_LANGUAGE_STANDARD = gnu99;
				GCC_NO_COMMON_BLOCKS = YES;
				GCC_WARN_64_TO_32_BIT_CONVERSION = YES;
				GCC_WARN_ABOUT_RETURN_TYPE = YES_ERROR;
				GCC_WARN_UNDECLARED_SELECTOR = YES;
				GCC_WARN_UNINITIALIZED_AUTOS = YES_AGGRESSIVE;
				GCC_WARN_UNUSED_FUNCTION = YES;
				GCC_WARN_UNUSED_VARIABLE = YES;
				IPHONEOS_DEPLOYMENT_TARGET = 10.0;
				MTL_ENABLE_DEBUG_INFO = NO;
				SDKROOT = iphoneos;
				SWIFT_OPTIMIZATION_LEVEL = "-Owholemodule";
				VALIDATE_PRODUCT = YES;
			};
			name = Release;
		};
		2A0D49B31D05AE3600CD5850 /* Debug */ = {
			isa = XCBuildConfiguration;
			baseConfigurationReference = 6E6109BF6E1EDC0400C37F0D /* Pods-obminka.debug.xcconfig */;
			buildSettings = {
				ASSETCATALOG_COMPILER_APPICON_NAME = AppIcon;
				CODE_SIGN_IDENTITY = "iPhone Developer";
				DEBUG_INFORMATION_FORMAT = "dwarf-with-dsym";
				INFOPLIST_FILE = obminka/Info.plist;
				IPHONEOS_DEPLOYMENT_TARGET = 10.0;
				LD_RUNPATH_SEARCH_PATHS = "$(inherited) @executable_path/Frameworks";
				PRODUCT_BUNDLE_IDENTIFIER = com.iashchuk.obminka;
				PRODUCT_NAME = obminka;
				SWIFT_VERSION = 3.0;
			};
			name = Debug;
		};
		2A0D49B41D05AE3600CD5850 /* Release */ = {
			isa = XCBuildConfiguration;
			baseConfigurationReference = A1BD0E801E351D841306E54E /* Pods-obminka.release.xcconfig */;
			buildSettings = {
				ASSETCATALOG_COMPILER_APPICON_NAME = AppIcon;
				CODE_SIGN_IDENTITY = "iPhone Developer";
				INFOPLIST_FILE = obminka/Info.plist;
				IPHONEOS_DEPLOYMENT_TARGET = 10.0;
				LD_RUNPATH_SEARCH_PATHS = "$(inherited) @executable_path/Frameworks";
				PRODUCT_BUNDLE_IDENTIFIER = com.iashchuk.obminka;
				PRODUCT_NAME = obminka;
				SWIFT_VERSION = 3.0;
			};
			name = Release;
		};
		2AF60F3E1DE77E3300309836 /* Debug */ = {
			isa = XCBuildConfiguration;
			baseConfigurationReference = DFAB61C1E544DCF2E5A5620D /* Pods-stickers.debug.xcconfig */;
			buildSettings = {
				ASSETCATALOG_COMPILER_APPICON_NAME = "iMessage App Icon";
				CLANG_WARN_DOCUMENTATION_COMMENTS = YES;
				CLANG_WARN_SUSPICIOUS_MOVES = YES;
				CODE_SIGN_IDENTITY = "iPhone Developer";
				DEVELOPMENT_TEAM = 3NL9BUS2QV;
				INFOPLIST_FILE = stickers/Info.plist;
				IPHONEOS_DEPLOYMENT_TARGET = 10.0;
				PRODUCT_BUNDLE_IDENTIFIER = com.iashchuk.obminka.stickers;
				PRODUCT_NAME = "$(TARGET_NAME)";
				SKIP_INSTALL = YES;
			};
			name = Debug;
		};
		2AF60F3F1DE77E3300309836 /* Release */ = {
			isa = XCBuildConfiguration;
			baseConfigurationReference = 334892980D35C43518F7F1AF /* Pods-stickers.release.xcconfig */;
			buildSettings = {
				ASSETCATALOG_COMPILER_APPICON_NAME = "iMessage App Icon";
				CLANG_WARN_DOCUMENTATION_COMMENTS = YES;
				CLANG_WARN_SUSPICIOUS_MOVES = YES;
				CODE_SIGN_IDENTITY = "iPhone Developer";
				DEVELOPMENT_TEAM = 3NL9BUS2QV;
				INFOPLIST_FILE = stickers/Info.plist;
				IPHONEOS_DEPLOYMENT_TARGET = 10.0;
				PRODUCT_BUNDLE_IDENTIFIER = com.iashchuk.obminka.stickers;
				PRODUCT_NAME = "$(TARGET_NAME)";
				SKIP_INSTALL = YES;
			};
			name = Release;
		};
/* End XCBuildConfiguration section */

/* Begin XCConfigurationList section */
		2A0D49821D05AE3500CD5850 /* Build configuration list for PBXProject "obminka" */ = {
			isa = XCConfigurationList;
			buildConfigurations = (
				2A0D49B01D05AE3600CD5850 /* Debug */,
				2A0D49B11D05AE3600CD5850 /* Release */,
			);
			defaultConfigurationIsVisible = 0;
			defaultConfigurationName = Release;
		};
		2A0D49B21D05AE3600CD5850 /* Build configuration list for PBXNativeTarget "obminka" */ = {
			isa = XCConfigurationList;
			buildConfigurations = (
				2A0D49B31D05AE3600CD5850 /* Debug */,
				2A0D49B41D05AE3600CD5850 /* Release */,
			);
			defaultConfigurationIsVisible = 0;
			defaultConfigurationName = Release;
		};
		2AF60F3D1DE77E3300309836 /* Build configuration list for PBXNativeTarget "stickers" */ = {
			isa = XCConfigurationList;
			buildConfigurations = (
				2AF60F3E1DE77E3300309836 /* Debug */,
				2AF60F3F1DE77E3300309836 /* Release */,
			);
			defaultConfigurationIsVisible = 0;
			defaultConfigurationName = Release;
		};
/* End XCConfigurationList section */

/* Begin XCVersionGroup section */
		2A0D49911D05AE3600CD5850 /* obminka.xcdatamodeld */ = {
			isa = XCVersionGroup;
			children = (
				2A0D49921D05AE3600CD5850 /* obminka.xcdatamodel */,
			);
			currentVersion = 2A0D49921D05AE3600CD5850 /* obminka.xcdatamodel */;
			path = obminka.xcdatamodeld;
			sourceTree = "<group>";
			versionGroupType = wrapper.xcdatamodel;
		};
/* End XCVersionGroup section */
	};
	rootObject = 2A0D497F1D05AE3500CD5850 /* Project object */;
}
