// !$*UTF8*$!
{
	archiveVersion = 1;
	classes = {
	};
	objectVersion = 46;
	objects = {

/* Begin PBXBuildFile section */
		2A0D498B1D05AE3500CD5850 /* AppDelegate.swift in Sources */ = {isa = PBXBuildFile; fileRef = 2A0D498A1D05AE3500CD5850 /* AppDelegate.swift */; };
		2A0D498D1D05AE3500CD5850 /* ViewController.swift in Sources */ = {isa = PBXBuildFile; fileRef = 2A0D498C1D05AE3500CD5850 /* ViewController.swift */; };
		2A0D49901D05AE3600CD5850 /* Main.storyboard in Resources */ = {isa = PBXBuildFile; fileRef = 2A0D498E1D05AE3600CD5850 /* Main.storyboard */; };
		2A0D49931D05AE3600CD5850 /* obminka.xcdatamodeld in Sources */ = {isa = PBXBuildFile; fileRef = 2A0D49911D05AE3600CD5850 /* obminka.xcdatamodeld */; };
		2A0D49951D05AE3600CD5850 /* Assets.xcassets in Resources */ = {isa = PBXBuildFile; fileRef = 2A0D49941D05AE3600CD5850 /* Assets.xcassets */; };
		2A0D49981D05AE3600CD5850 /* LaunchScreen.storyboard in Resources */ = {isa = PBXBuildFile; fileRef = 2A0D49961D05AE3600CD5850 /* LaunchScreen.storyboard */; };
		2AF60F381DE77E3300309836 /* Stickers.xcassets in Resources */ = {isa = PBXBuildFile; fileRef = 2AF60F371DE77E3300309836 /* Stickers.xcassets */; };
		2AF60F3C1DE77E3300309836 /* stickers.appex in Embed App Extensions */ = {isa = PBXBuildFile; fileRef = 2AF60F351DE77E3300309836 /* stickers.appex */; settings = {ATTRIBUTES = (RemoveHeadersOnCopy, ); }; };
/* End PBXBuildFile section */

/* Begin PBXContainerItemProxy section */
		2AF60F3A1DE77E3300309836 /* PBXContainerItemProxy */ = {
			isa = PBXContainerItemProxy;
			containerPortal = 2A0D497F1D05AE3500CD5850 /* Project object */;
			proxyType = 1;
			remoteGlobalIDString = 2AF60F341DE77E3300309836;
			remoteInfo = stickers;
		};
/* End PBXContainerItemProxy section */

/* Begin PBXCopyFilesBuildPhase section */
		2AF60F401DE77E3300309836 /* Embed App Extensions */ = {
			isa = PBXCopyFilesBuildPhase;
			buildActionMask = 2147483647;
			dstPath = "";
			dstSubfolderSpec = 13;
			files = (
				2AF60F3C1DE77E3300309836 /* stickers.appex in Embed App Extensions */,
			);
			name = "Embed App Extensions";
			runOnlyForDeploymentPostprocessing = 0;
		};
/* End PBXCopyFilesBuildPhase section */

/* Begin PBXFileReference section */
		2A0D49871D05AE3500CD5850 /* obminka.app */ = {isa = PBXFileReference; explicitFileType = wrapper.application; includeInIndex = 0; path = obminka.app; sourceTree = BUILT_PRODUCTS_DIR; };
		2A0D498A1D05AE3500CD5850 /* AppDelegate.swift */ = {isa = PBXFileReference; lastKnownFileType = sourcecode.swift; path = AppDelegate.swift; sourceTree = "<group>"; };
		2A0D498C1D05AE3500CD5850 /* ViewController.swift */ = {isa = PBXFileReference; lastKnownFileType = sourcecode.swift; path = ViewController.swift; sourceTree = "<group>"; };
		2A0D498F1D05AE3600CD5850 /* Base */ = {isa = PBXFileReference; lastKnownFileType = file.storyboard; name = Base; path = Base.lproj/Main.storyboard; sourceTree = "<group>"; };
		2A0D49921D05AE3600CD5850 /* obminka.xcdatamodel */ = {isa = PBXFileReference; lastKnownFileType = wrapper.xcdatamodel; path = obminka.xcdatamodel; sourceTree = "<group>"; };
		2A0D49941D05AE3600CD5850 /* Assets.xcassets */ = {isa = PBXFileReference; lastKnownFileType = folder.assetcatalog; path = Assets.xcassets; sourceTree = "<group>"; };
		2A0D49971D05AE3600CD5850 /* Base */ = {isa = PBXFileReference; lastKnownFileType = file.storyboard; name = Base; path = Base.lproj/LaunchScreen.storyboard; sourceTree = "<group>"; };
		2A0D49991D05AE3600CD5850 /* Info.plist */ = {isa = PBXFileReference; lastKnownFileType = text.plist.xml; path = Info.plist; sourceTree = "<group>"; };
		2A5B88281DE7A6EE003779F2 /* ru */ = {isa = PBXFileReference; lastKnownFileType = text.plist.strings; name = ru; path = ru.lproj/Main.strings; sourceTree = "<group>"; };
		2A5B88291DE7A6EE003779F2 /* ru */ = {isa = PBXFileReference; lastKnownFileType = text.plist.strings; name = ru; path = ru.lproj/LaunchScreen.strings; sourceTree = "<group>"; };
		2AF60F351DE77E3300309836 /* stickers.appex */ = {isa = PBXFileReference; explicitFileType = "wrapper.app-extension"; includeInIndex = 0; path = stickers.appex; sourceTree = BUILT_PRODUCTS_DIR; };
		2AF60F371DE77E3300309836 /* Stickers.xcassets */ = {isa = PBXFileReference; lastKnownFileType = folder.assetcatalog; path = Stickers.xcassets; sourceTree = "<group>"; };
		2AF60F391DE77E3300309836 /* Info.plist */ = {isa = PBXFileReference; lastKnownFileType = text.plist.xml; path = Info.plist; sourceTree = "<group>"; };
/* End PBXFileReference section */

/* Begin PBXFrameworksBuildPhase section */
		2A0D49841D05AE3500CD5850 /* Frameworks */ = {
			isa = PBXFrameworksBuildPhase;
			buildActionMask = 2147483647;
			files = (
			);
			runOnlyForDeploymentPostprocessing = 0;
		};
/* End PBXFrameworksBuildPhase section */

/* Begin PBXGroup section */
		2A0D497E1D05AE3500CD5850 = {
			isa = PBXGroup;
			children = (
				2A0D49891D05AE3500CD5850 /* obminka */,
				2AF60F361DE77E3300309836 /* stickers */,
				2A0D49881D05AE3500CD5850 /* Products */,
			);
			sourceTree = "<group>";
		};
		2A0D49881D05AE3500CD5850 /* Products */ = {
			isa = PBXGroup;
			children = (
				2A0D49871D05AE3500CD5850 /* obminka.app */,
				2AF60F351DE77E3300309836 /* stickers.appex */,
			);
			name = Products;
			sourceTree = "<group>";
		};
		2A0D49891D05AE3500CD5850 /* obminka */ = {
			isa = PBXGroup;
			children = (
				2A0D498A1D05AE3500CD5850 /* AppDelegate.swift */,
				2A0D498C1D05AE3500CD5850 /* ViewController.swift */,
				2A0D498E1D05AE3600CD5850 /* Main.storyboard */,
				2A0D49941D05AE3600CD5850 /* Assets.xcassets */,
				2A0D49961D05AE3600CD5850 /* LaunchScreen.storyboard */,
				2A0D49991D05AE3600CD5850 /* Info.plist */,
				2A0D49911D05AE3600CD5850 /* obminka.xcdatamodeld */,
			);
			path = obminka;
			sourceTree = "<group>";
		};
		2AF60F361DE77E3300309836 /* stickers */ = {
			isa = PBXGroup;
			children = (
				2AF60F371DE77E3300309836 /* Stickers.xcassets */,
				2AF60F391DE77E3300309836 /* Info.plist */,
			);
			path = stickers;
			sourceTree = "<group>";
		};
/* End PBXGroup section */

/* Begin PBXNativeTarget section */
		2A0D49861D05AE3500CD5850 /* obminka */ = {
			isa = PBXNativeTarget;
			buildConfigurationList = 2A0D49B21D05AE3600CD5850 /* Build configuration list for PBXNativeTarget "obminka" */;
			buildPhases = (
				2A0D49831D05AE3500CD5850 /* Sources */,
				2A0D49841D05AE3500CD5850 /* Frameworks */,
				2A0D49851D05AE3500CD5850 /* Resources */,
				2AF60F401DE77E3300309836 /* Embed App Extensions */,
			);
			buildRules = (
			);
			dependencies = (
				2AF60F3B1DE77E3300309836 /* PBXTargetDependency */,
			);
			name = obminka;
			productName = obminka;
			productReference = 2A0D49871D05AE3500CD5850 /* obminka.app */;
			productType = "com.apple.product-type.application";
		};
		2AF60F341DE77E3300309836 /* stickers */ = {
			isa = PBXNativeTarget;
			buildConfigurationList = 2AF60F3D1DE77E3300309836 /* Build configuration list for PBXNativeTarget "stickers" */;
			buildPhases = (
				2AF60F331DE77E3300309836 /* Resources */,
			);
			buildRules = (
			);
			dependencies = (
			);
			name = stickers;
			productName = stickers;
			productReference = 2AF60F351DE77E3300309836 /* stickers.appex */;
			productType = "com.apple.product-type.app-extension.messages-sticker-pack";
		};
/* End PBXNativeTarget section */

/* Begin PBXProject section */
		2A0D497F1D05AE3500CD5850 /* Project object */ = {
			isa = PBXProject;
			attributes = {
				LastSwiftUpdateCheck = 0730;
				LastUpgradeCheck = 0810;
				ORGANIZATIONNAME = "Alexander Iashchuk";
				TargetAttributes = {
					2A0D49861D05AE3500CD5850 = {
						CreatedOnToolsVersion = 7.3.1;
						DevelopmentTeam = 3NL9BUS2QV;
						LastSwiftMigration = 0810;
						SystemCapabilities = {
							com.apple.BackgroundModes = {
								enabled = 0;
							};
							com.apple.DataProtection = {
								enabled = 0;
							};
							com.apple.InAppPurchase = {
								enabled = 0;
							};
							com.apple.Push = {
								enabled = 0;
							};
							com.apple.SafariKeychain = {
								enabled = 0;
							};
							com.apple.iCloud = {
								enabled = 0;
							};
						};
					};
					2AF60F341DE77E3300309836 = {
						CreatedOnToolsVersion = 8.1;
						DevelopmentTeam = 3NL9BUS2QV;
						ProvisioningStyle = Automatic;
					};
				};
			};
			buildConfigurationList = 2A0D49821D05AE3500CD5850 /* Build configuration list for PBXProject "obminka" */;
			compatibilityVersion = "Xcode 3.2";
			developmentRegion = uk;
			hasScannedForEncodings = 0;
			knownRegions = (
				Base,
			);
			mainGroup = 2A0D497E1D05AE3500CD5850;
			productRefGroup = 2A0D49881D05AE3500CD5850 /* Products */;
			projectDirPath = "";
			projectRoot = "";
			targets = (
				2A0D49861D05AE3500CD5850 /* obminka */,
				2AF60F341DE77E3300309836 /* stickers */,
			);
		};
/* End PBXProject section */

/* Begin PBXResourcesBuildPhase section */
		2A0D49851D05AE3500CD5850 /* Resources */ = {
			isa = PBXResourcesBuildPhase;
			buildActionMask = 2147483647;
			files = (
				2A0D49981D05AE3600CD5850 /* LaunchScreen.storyboard in Resources */,
				2A0D49951D05AE3600CD5850 /* Assets.xcassets in Resources */,
				2A0D49901D05AE3600CD5850 /* Main.storyboard in Resources */,
			);
			runOnlyForDeploymentPostprocessing = 0;
		};
		2AF60F331DE77E3300309836 /* Resources */ = {
			isa = PBXResourcesBuildPhase;
			buildActionMask = 2147483647;
			files = (
				2AF60F381DE77E3300309836 /* Stickers.xcassets in Resources */,
			);
			runOnlyForDeploymentPostprocessing = 0;
		};
/* End PBXResourcesBuildPhase section */

/* Begin PBXSourcesBuildPhase section */
		2A0D49831D05AE3500CD5850 /* Sources */ = {
			isa = PBXSourcesBuildPhase;
			buildActionMask = 2147483647;
			files = (
				2A0D49931D05AE3600CD5850 /* obminka.xcdatamodeld in Sources */,
				2A0D498D1D05AE3500CD5850 /* ViewController.swift in Sources */,
				2A0D498B1D05AE3500CD5850 /* AppDelegate.swift in Sources */,
			);
			runOnlyForDeploymentPostprocessing = 0;
		};
/* End PBXSourcesBuildPhase section */

/* Begin PBXTargetDependency section */
		2AF60F3B1DE77E3300309836 /* PBXTargetDependency */ = {
			isa = PBXTargetDependency;
			target = 2AF60F341DE77E3300309836 /* stickers */;
			targetProxy = 2AF60F3A1DE77E3300309836 /* PBXContainerItemProxy */;
		};
/* End PBXTargetDependency section */

/* Begin PBXVariantGroup section */
		2A0D498E1D05AE3600CD5850 /* Main.storyboard */ = {
			isa = PBXVariantGroup;
			children = (
				2A0D498F1D05AE3600CD5850 /* Base */,
				2A5B88281DE7A6EE003779F2 /* ru */,
			);
			name = Main.storyboard;
			sourceTree = "<group>";
		};
		2A0D49961D05AE3600CD5850 /* LaunchScreen.storyboard */ = {
			isa = PBXVariantGroup;
			children = (
				2A0D49971D05AE3600CD5850 /* Base */,
				2A5B88291DE7A6EE003779F2 /* ru */,
			);
			name = LaunchScreen.storyboard;
			sourceTree = "<group>";
		};
/* End PBXVariantGroup section */

/* Begin XCBuildConfiguration section */
		2A0D49B01D05AE3600CD5850 /* Debug */ = {
			isa = XCBuildConfiguration;
			buildSettings = {
				ALWAYS_SEARCH_USER_PATHS = NO;
				CLANG_ANALYZER_LOCALIZABILITY_NONLOCALIZED = YES;
				CLANG_ANALYZER_NONNULL = YES;
				CLANG_CXX_LANGUAGE_STANDARD = "gnu++0x";
				CLANG_CXX_LIBRARY = "libc++";
				CLANG_ENABLE_MODULES = YES;
				CLANG_ENABLE_OBJC_ARC = YES;
				CLANG_WARN_BOOL_CONVERSION = YES;
				CLANG_WARN_CONSTANT_CONVERSION = YES;
				CLANG_WARN_DIRECT_OBJC_ISA_USAGE = YES_ERROR;
				CLANG_WARN_EMPTY_BODY = YES;
				CLANG_WARN_ENUM_CONVERSION = YES;
				CLANG_WARN_INFINITE_RECURSION = YES;
				CLANG_WARN_INT_CONVERSION = YES;
				CLANG_WARN_OBJC_ROOT_CLASS = YES_ERROR;
				CLANG_WARN_SUSPICIOUS_MOVE = YES;
				CLANG_WARN_UNREACHABLE_CODE = YES;
				CLANG_WARN__DUPLICATE_METHOD_MATCH = YES;
				"CODE_SIGN_IDENTITY[sdk=iphoneos*]" = "iPhone Developer";
				COPY_PHASE_STRIP = NO;
				DEBUG_INFORMATION_FORMAT = dwarf;
				ENABLE_STRICT_OBJC_MSGSEND = YES;
				ENABLE_TESTABILITY = YES;
				GCC_C_LANGUAGE_STANDARD = gnu99;
				GCC_DYNAMIC_NO_PIC = NO;
				GCC_NO_COMMON_BLOCKS = YES;
				GCC_OPTIMIZATION_LEVEL = 0;
				GCC_PREPROCESSOR_DEFINITIONS = (
					"DEBUG=1",
					"$(inherited)",
				);
				GCC_WARN_64_TO_32_BIT_CONVERSION = YES;
				GCC_WARN_ABOUT_RETURN_TYPE = YES_ERROR;
				GCC_WARN_UNDECLARED_SELECTOR = YES;
				GCC_WARN_UNINITIALIZED_AUTOS = YES_AGGRESSIVE;
				GCC_WARN_UNUSED_FUNCTION = YES;
				GCC_WARN_UNUSED_VARIABLE = YES;
				IPHONEOS_DEPLOYMENT_TARGET = 10.1;
				MTL_ENABLE_DEBUG_INFO = YES;
				ONLY_ACTIVE_ARCH = YES;
				SDKROOT = iphoneos;
				SWIFT_OPTIMIZATION_LEVEL = "-Onone";
			};
			name = Debug;
		};
		2A0D49B11D05AE3600CD5850 /* Release */ = {
			isa = XCBuildConfiguration;
			buildSettings = {
				ALWAYS_SEARCH_USER_PATHS = NO;
				CLANG_ANALYZER_LOCALIZABILITY_NONLOCALIZED = YES;
				CLANG_ANALYZER_NONNULL = YES;
				CLANG_CXX_LANGUAGE_STANDARD = "gnu++0x";
				CLANG_CXX_LIBRARY = "libc++";
				CLANG_ENABLE_MODULES = YES;
				CLANG_ENABLE_OBJC_ARC = YES;
				CLANG_WARN_BOOL_CONVERSION = YES;
				CLANG_WARN_CONSTANT_CONVERSION = YES;
				CLANG_WARN_DIRECT_OBJC_ISA_USAGE = YES_ERROR;
				CLANG_WARN_EMPTY_BODY = YES;
				CLANG_WARN_ENUM_CONVERSION = YES;
				CLANG_WARN_INFINITE_RECURSION = YES;
				CLANG_WARN_INT_CONVERSION = YES;
				CLANG_WARN_OBJC_ROOT_CLASS = YES_ERROR;
				CLANG_WARN_SUSPICIOUS_MOVE = YES;
				CLANG_WARN_UNREACHABLE_CODE = YES;
				CLANG_WARN__DUPLICATE_METHOD_MATCH = YES;
				"CODE_SIGN_IDENTITY[sdk=iphoneos*]" = "iPhone Developer";
				COPY_PHASE_STRIP = NO;
				DEBUG_INFORMATION_FORMAT = "dwarf-with-dsym";
				ENABLE_NS_ASSERTIONS = NO;
				ENABLE_STRICT_OBJC_MSGSEND = YES;
				GCC_C_LANGUAGE_STANDARD = gnu99;
				GCC_NO_COMMON_BLOCKS = YES;
				GCC_WARN_64_TO_32_BIT_CONVERSION = YES;
				GCC_WARN_ABOUT_RETURN_TYPE = YES_ERROR;
				GCC_WARN_UNDECLARED_SELECTOR = YES;
				GCC_WARN_UNINITIALIZED_AUTOS = YES_AGGRESSIVE;
				GCC_WARN_UNUSED_FUNCTION = YES;
				GCC_WARN_UNUSED_VARIABLE = YES;
				IPHONEOS_DEPLOYMENT_TARGET = 10.1;
				MTL_ENABLE_DEBUG_INFO = NO;
				SDKROOT = iphoneos;
				SWIFT_OPTIMIZATION_LEVEL = "-Owholemodule";
				VALIDATE_PRODUCT = YES;
			};
			name = Release;
		};
		2A0D49B31D05AE3600CD5850 /* Debug */ = {
			isa = XCBuildConfiguration;
			buildSettings = {
				ASSETCATALOG_COMPILER_APPICON_NAME = AppIcon;
				CODE_SIGN_IDENTITY = "iPhone Developer";
				INFOPLIST_FILE = obminka/Info.plist;
				IPHONEOS_DEPLOYMENT_TARGET = 10.1;
				LD_RUNPATH_SEARCH_PATHS = "$(inherited) @executable_path/Frameworks";
				PRODUCT_BUNDLE_IDENTIFIER = com.iashchuk.obminka;
				PRODUCT_NAME = obminka;
				SWIFT_VERSION = 3.0;
			};
			name = Debug;
		};
		2A0D49B41D05AE3600CD5850 /* Release */ = {
			isa = XCBuildConfiguration;
			buildSettings = {
				ASSETCATALOG_COMPILER_APPICON_NAME = AppIcon;
				CODE_SIGN_IDENTITY = "iPhone Developer";
				INFOPLIST_FILE = obminka/Info.plist;
				IPHONEOS_DEPLOYMENT_TARGET = 10.1;
				LD_RUNPATH_SEARCH_PATHS = "$(inherited) @executable_path/Frameworks";
				PRODUCT_BUNDLE_IDENTIFIER = com.iashchuk.obminka;
				PRODUCT_NAME = obminka;
				SWIFT_VERSION = 3.0;
			};
			name = Release;
		};
		2AF60F3E1DE77E3300309836 /* Debug */ = {
			isa = XCBuildConfiguration;
			buildSettings = {
				ASSETCATALOG_COMPILER_APPICON_NAME = "iMessage App Icon";
				CLANG_WARN_DOCUMENTATION_COMMENTS = YES;
				CLANG_WARN_SUSPICIOUS_MOVES = YES;
				CODE_SIGN_IDENTITY = "iPhone Developer";
				DEVELOPMENT_TEAM = 3NL9BUS2QV;
				INFOPLIST_FILE = stickers/Info.plist;
				IPHONEOS_DEPLOYMENT_TARGET = 10.1;
				PRODUCT_BUNDLE_IDENTIFIER = com.iashchuk.obminka.stickers;
				PRODUCT_NAME = "$(TARGET_NAME)";
				SKIP_INSTALL = YES;
			};
			name = Debug;
		};
		2AF60F3F1DE77E3300309836 /* Release */ = {
			isa = XCBuildConfiguration;
			buildSettings = {
				ASSETCATALOG_COMPILER_APPICON_NAME = "iMessage App Icon";
				CLANG_WARN_DOCUMENTATION_COMMENTS = YES;
				CLANG_WARN_SUSPICIOUS_MOVES = YES;
				CODE_SIGN_IDENTITY = "iPhone Developer";
				DEVELOPMENT_TEAM = 3NL9BUS2QV;
				INFOPLIST_FILE = stickers/Info.plist;
				IPHONEOS_DEPLOYMENT_TARGET = 10.1;
				PRODUCT_BUNDLE_IDENTIFIER = com.iashchuk.obminka.stickers;
				PRODUCT_NAME = "$(TARGET_NAME)";
				SKIP_INSTALL = YES;
			};
			name = Release;
		};
/* End XCBuildConfiguration section */

/* Begin XCConfigurationList section */
		2A0D49821D05AE3500CD5850 /* Build configuration list for PBXProject "obminka" */ = {
			isa = XCConfigurationList;
			buildConfigurations = (
				2A0D49B01D05AE3600CD5850 /* Debug */,
				2A0D49B11D05AE3600CD5850 /* Release */,
			);
			defaultConfigurationIsVisible = 0;
			defaultConfigurationName = Release;
		};
		2A0D49B21D05AE3600CD5850 /* Build configuration list for PBXNativeTarget "obminka" */ = {
			isa = XCConfigurationList;
			buildConfigurations = (
				2A0D49B31D05AE3600CD5850 /* Debug */,
				2A0D49B41D05AE3600CD5850 /* Release */,
			);
			defaultConfigurationIsVisible = 0;
			defaultConfigurationName = Release;
		};
		2AF60F3D1DE77E3300309836 /* Build configuration list for PBXNativeTarget "stickers" */ = {
			isa = XCConfigurationList;
			buildConfigurations = (
				2AF60F3E1DE77E3300309836 /* Debug */,
				2AF60F3F1DE77E3300309836 /* Release */,
			);
			defaultConfigurationIsVisible = 0;
			defaultConfigurationName = Release;
		};
/* End XCConfigurationList section */

/* Begin XCVersionGroup section */
		2A0D49911D05AE3600CD5850 /* obminka.xcdatamodeld */ = {
			isa = XCVersionGroup;
			children = (
				2A0D49921D05AE3600CD5850 /* obminka.xcdatamodel */,
			);
			currentVersion = 2A0D49921D05AE3600CD5850 /* obminka.xcdatamodel */;
			path = obminka.xcdatamodeld;
			sourceTree = "<group>";
			versionGroupType = wrapper.xcdatamodel;
		};
/* End XCVersionGroup section */
	};
	rootObject = 2A0D497F1D05AE3500CD5850 /* Project object */;
}
